
Microsoft Visual Studio Solution File, Format Version 12.00
# Visual Studio Version 17
VisualStudioVersion = 17.4.33213.308
MinimumVisualStudioVersion = 10.0.40219.1
Project("{FAE04EC0-301F-11D3-BF4B-00C04F79EFBC}") = "string demo", "string demo\string demo.csproj", "{0C9745B5-89E1-48E6-B522-41B6D8406A48}"
EndProject
Project("{FAE04EC0-301F-11D3-BF4B-00C04F79EFBC}") = "stringmoduls", "stringmoduls\stringmoduls.csproj", "{A8CDEA4F-AAFC-4AE8-A876-71F4BC612302}"
EndProject
Global
	GlobalSection(SolutionConfigurationPlatforms) = preSolution
		Debug|Any CPU = Debug|Any CPU
		Release|Any CPU = Release|Any CPU
	EndGlobalSection
	GlobalSection(ProjectConfigurationPlatforms) = postSolution
		{0C9745B5-89E1-48E6-B522-41B6D8406A48}.Debug|Any CPU.ActiveCfg = Debug|Any CPU
		{0C9745B5-89E1-48E6-B522-41B6D8406A48}.Debug|Any CPU.Build.0 = Debug|Any CPU
		{0C9745B5-89E1-48E6-B522-41B6D8406A48}.Release|Any CPU.ActiveCfg = Release|Any CPU
		{0C9745B5-89E1-48E6-B522-41B6D8406A48}.Release|Any CPU.Build.0 = Release|Any CPU
		{A8CDEA4F-AAFC-4AE8-A876-71F4BC612302}.Debug|Any CPU.ActiveCfg = Debug|Any CPU
		{A8CDEA4F-AAFC-4AE8-A876-71F4BC612302}.Debug|Any CPU.Build.0 = Debug|Any CPU
		{A8CDEA4F-AAFC-4AE8-A876-71F4BC612302}.Release|Any CPU.ActiveCfg = Release|Any CPU
		{A8CDEA4F-AAFC-4AE8-A876-71F4BC612302}.Release|Any CPU.Build.0 = Release|Any CPU
	EndGlobalSection
	GlobalSection(SolutionProperties) = preSolution
		HideSolutionNode = FALSE
	EndGlobalSection
	GlobalSection(ExtensibilityGlobals) = postSolution
		SolutionGuid = {2C97148B-461A-49D2-B68D-DDF7650ABFA9}
	EndGlobalSection
EndGlobal
