
Microsoft Visual Studio Solution File, Format Version 12.00
# Visual Studio Version 17
VisualStudioVersion = 17.4.33213.308
MinimumVisualStudioVersion = 10.0.40219.1
Project("{FAE04EC0-301F-11D3-BF4B-00C04F79EFBC}") = "Teszt", "Teszt\Teszt.csproj", "{4B686BFA-9407-4493-910E-E7D81E071B15}"
EndProject
Project("{FAE04EC0-301F-11D3-BF4B-00C04F79EFBC}") = "Osztály", "Osztály\Osztály.csproj", "{5759705D-67CB-490E-96CF-73BDC759A4D4}"
EndProject
Project("{FAE04EC0-301F-11D3-BF4B-00C04F79EFBC}") = "negyszog", "negyszog\negyszog.csproj", "{6BD18DB8-F4A1-43D5-BD2D-438E2B2DA680}"
EndProject
Project("{FAE04EC0-301F-11D3-BF4B-00C04F79EFBC}") = "polimorf", "polimorf\polimorf.csproj", "{058AEA25-274F-4D02-8712-14FA9EC8CEC7}"
EndProject
Project("{FAE04EC0-301F-11D3-BF4B-00C04F79EFBC}") = "kor", "kor\kor.csproj", "{5F669902-FB90-4FB7-9FDF-E304C64569E0}"
EndProject
Project("{FAE04EC0-301F-11D3-BF4B-00C04F79EFBC}") = "haromszog", "haromszog\haromszog.csproj", "{A55B3ECC-3A3D-4B1B-8C6F-A3D892DBEA95}"
EndProject
Project("{2150E333-8FDC-42A3-9474-1A3956D46DE8}") = "2023.03.06.", "2023.03.06.", "{9E2D1E99-7196-44C8-B6DA-83E24158FEAE}"
EndProject
Project("{FAE04EC0-301F-11D3-BF4B-00C04F79EFBC}") = "szigetekobj", "szigetekobj\szigetekobj.csproj", "{31D5CD20-422F-42CC-BAF2-B3EE655A67DB}"
EndProject
Project("{FAE04EC0-301F-11D3-BF4B-00C04F79EFBC}") = "atlaghomerseklet", "atlaghomerseklet\atlaghomerseklet.csproj", "{DDB245AE-4C62-48DE-BD0C-B4656A9D8C6C}"
EndProject
Project("{2150E333-8FDC-42A3-9474-1A3956D46DE8}") = "2023.03.09.", "2023.03.09.", "{1689A234-B39F-44A6-A5A8-0D4E14B09431}"
EndProject
Project("{FAE04EC0-301F-11D3-BF4B-00C04F79EFBC}") = "hofokOOP", "hofokOOP\hofokOOP.csproj", "{7D369D8B-1B79-4EA5-9158-B38886736F59}"
EndProject
Project("{2150E333-8FDC-42A3-9474-1A3956D46DE8}") = "2023.03.13.", "2023.03.13.", "{45329F70-E5F1-4A4D-AD28-631AB97FE2AA}"
EndProject
Project("{FAE04EC0-301F-11D3-BF4B-00C04F79EFBC}") = "TTomegOOP", "TTomegOOP\TTomegOOP.csproj", "{E6B1E39E-EEB6-4E84-864F-C20186F60AD5}"
EndProject
Project("{2150E333-8FDC-42A3-9474-1A3956D46DE8}") = "2023.03 ponthatar", "2023.03 ponthatar", "{96700C81-788E-47DF-8BDD-CA7DE9355050}"
EndProject
Project("{FAE04EC0-301F-11D3-BF4B-00C04F79EFBC}") = "PonthatOOP", "PonthatOOP\PonthatOOP.csproj", "{EFD55241-8319-40BA-AAC0-2364F8A7E465}"
EndProject
Project("{2150E333-8FDC-42A3-9474-1A3956D46DE8}") = "2023.03.20.", "2023.03.20.", "{2A5C50DB-66D0-407D-86E1-0D8C199373D2}"
EndProject
Project("{FAE04EC0-301F-11D3-BF4B-00C04F79EFBC}") = "CimleteresOOP", "CimleteresOOP\CimleteresOOP.csproj", "{5802EA88-92F6-4ABD-8CD1-FAEAE50D367A}"
EndProject
Project("{2150E333-8FDC-42A3-9474-1A3956D46DE8}") = "2023.03.23.", "2023.03.23.", "{67933C23-E66B-41D5-BC96-C5431174946D}"
EndProject
Project("{FAE04EC0-301F-11D3-BF4B-00C04F79EFBC}") = "csomagoloceg", "csomagoloceg\csomagoloceg.csproj", "{963ABF25-A7EC-40E2-9959-02D28F19FF13}"
EndProject
Project("{FAE04EC0-301F-11D3-BF4B-00C04F79EFBC}") = "csempezesOOP", "csempezesOOP\csempezesOOP.csproj", "{47DF3AC8-7C59-4F4D-B3BC-8FB9D25F1E73}"
EndProject
Project("{FAE04EC0-301F-11D3-BF4B-00C04F79EFBC}") = "percekesorakOOP", "percekesorakOOP\percekesorakOOP.csproj", "{D6596D6E-F1FF-4929-9863-D75CC9F70510}"
EndProject
Project("{FAE04EC0-301F-11D3-BF4B-00C04F79EFBC}") = "masodfokuegyenletOOP", "masodfokuegyenletOOP\masodfokuegyenletOOP.csproj", "{A32A7E94-B149-43BE-81F9-78460BF7F948}"
EndProject
Project("{FAE04EC0-301F-11D3-BF4B-00C04F79EFBC}") = "szamokbekereseOOP", "szamokbekereseOOP\szamokbekereseOOP.csproj", "{4FB978AC-3B25-4F1F-B8AF-304143BA90AE}"
EndProject
Project("{FAE04EC0-301F-11D3-BF4B-00C04F79EFBC}") = "atvaltasOOP", "atvaltasOOP\atvaltasOOP.csproj", "{7F75D736-6051-4724-8121-FB07364C8426}"
EndProject
Project("{FAE04EC0-301F-11D3-BF4B-00C04F79EFBC}") = "vizgozjegOOP", "vizgozjegOOP\vizgozjegOOP.csproj", "{D04B48B6-B0C4-4C2F-86AE-A93C7E9180DA}"
EndProject
Project("{FAE04EC0-301F-11D3-BF4B-00C04F79EFBC}") = "pontoktavolsagaOOP", "pontoktavolsagaOOP\pontoktavolsagaOOP.csproj", "{E94BE8BA-8C02-46FC-8A46-B059CA6FEB20}"
EndProject
Project("{FAE04EC0-301F-11D3-BF4B-00C04F79EFBC}") = "mezogazdasagijoslatOOP", "mezogazdasagijoslatOOP\mezogazdasagijoslatOOP.csproj", "{AA23EDC7-A52F-4C3B-BE4E-030AEFCEE4C2}"
EndProject
Project("{FAE04EC0-301F-11D3-BF4B-00C04F79EFBC}") = "sokszogekOOP", "sokszogekOOP\sokszogekOOP.csproj", "{B2DCC767-B190-45A2-8D26-D31D6CAC568A}"
EndProject
Project("{FAE04EC0-301F-11D3-BF4B-00C04F79EFBC}") = "szogOOP", "szogOOP\szogOOP.csproj", "{CEA4D6C3-BA6D-4A4E-B7E1-AA659E5EB24A}"
EndProject
Project("{FAE04EC0-301F-11D3-BF4B-00C04F79EFBC}") = "igazolatlanhianyzasOOP", "igazolatlanhianyzasOOP\igazolatlanhianyzasOOP.csproj", "{14411F79-7FAC-423E-813B-6F040402E5ED}"
EndProject
Project("{2150E333-8FDC-42A3-9474-1A3956D46DE8}") = "Konzolosfeladatok2", "Konzolosfeladatok2", "{2EC7EE4C-EDDD-4E34-B616-4F0EC275B973}"
EndProject
Project("{FAE04EC0-301F-11D3-BF4B-00C04F79EFBC}") = "TombElem", "TombElem\TombElem.csproj", "{CFC3F7FA-D701-453A-85D7-4BC2DD7590F9}"
EndProject
Project("{FAE04EC0-301F-11D3-BF4B-00C04F79EFBC}") = "NegyszogOOP", "NegyszogOOP\NegyszogOOP.csproj", "{62A78AA9-4B6C-4019-B738-A1618284A67E}"
EndProject
Project("{FAE04EC0-301F-11D3-BF4B-00C04F79EFBC}") = "MatrixOOP", "MatrixOOP\MatrixOOP.csproj", "{DBC25A72-9453-478B-9A0A-87352416A2D0}"
EndProject
Project("{FAE04EC0-301F-11D3-BF4B-00C04F79EFBC}") = "TortOOP", "TortOOP\TortOOP.csproj", "{FABF9B61-3382-4C70-BAD6-C2315BD9E89B}"
EndProject
Project("{FAE04EC0-301F-11D3-BF4B-00C04F79EFBC}") = "EgerekOOP", "EgerekOOP\EgerekOOP.csproj", "{D62F0B92-D2D2-4EF1-9EBE-6DE4365CA250}"
EndProject
Project("{FAE04EC0-301F-11D3-BF4B-00C04F79EFBC}") = "SorOsszegOOP", "SorOsszegOOP\SorOsszegOOP.csproj", "{3F8A4B53-BC51-4C0E-995C-20593B24A58C}"
EndProject
Project("{FAE04EC0-301F-11D3-BF4B-00C04F79EFBC}") = "AtvaltOOP", "AtvaltOOP\AtvaltOOP.csproj", "{9A34EF76-0E45-4E98-B57F-98AB5B1672AC}"
EndProject
Project("{2150E333-8FDC-42A3-9474-1A3956D46DE8}") = "2023.04.03.", "2023.04.03.", "{E0977B41-E7BC-4CDA-B186-41B67667F82C}"
EndProject
Project("{FAE04EC0-301F-11D3-BF4B-00C04F79EFBC}") = "Kivetel", "Kivetel\Kivetel.csproj", "{55AC24A8-CD13-4381-A7E3-FFFCF1F8F635}"
EndProject
Project("{FAE04EC0-301F-11D3-BF4B-00C04F79EFBC}") = "olvashiba", "olvashiba\olvashiba.csproj", "{D600DD5F-30C7-44E6-B1C5-F440C6D780DF}"
EndProject
Project("{2150E333-8FDC-42A3-9474-1A3956D46DE8}") = "2023.04.17.", "2023.04.17.", "{BAA4506D-BBFD-4BBC-8F23-3484FE5EA9DA}"
EndProject
Project("{FAE04EC0-301F-11D3-BF4B-00C04F79EFBC}") = "FileIO", "FileIO\FileIO.csproj", "{311CB017-DF04-41D9-9C0A-E5A7C8C09FF4}"
EndProject
Project("{2150E333-8FDC-42A3-9474-1A3956D46DE8}") = "2023.04.20.", "2023.04.20.", "{76359F62-DA0B-448A-BEEE-449AE7A86AB1}"
EndProject
Project("{FAE04EC0-301F-11D3-BF4B-00C04F79EFBC}") = "helysegMgyrrszg", "helysegMgyrrszg\helysegMgyrrszg.csproj", "{F65E8018-7F85-4B44-8878-538E2F0373E9}"
EndProject
Project("{2150E333-8FDC-42A3-9474-1A3956D46DE8}") = "2023.05.04.", "2023.05.04.", "{8369A365-8191-46E7-9C45-DFC39095C70D}"
EndProject
Project("{FAE04EC0-301F-11D3-BF4B-00C04F79EFBC}") = "_01_ListaLancolt", "_01_ListaLancolt\_01_ListaLancolt.csproj", "{E4447A3B-46BC-429A-A61C-77CE9342D16E}"
EndProject
Project("{FAE04EC0-301F-11D3-BF4B-00C04F79EFBC}") = "Szamok", "Szamok\Szamok.csproj", "{0134A4A5-C6F7-496E-A99C-BDD1A8AAA77C}"
EndProject
Project("{FAE04EC0-301F-11D3-BF4B-00C04F79EFBC}") = "Maximum", "Maximum\Maximum.csproj", "{16F67EB0-D685-41F2-8B09-C3442C1C4881}"
EndProject
Project("{FAE04EC0-301F-11D3-BF4B-00C04F79EFBC}") = "Halmazok", "Halmazok\Halmazok.csproj", "{2B8CA73E-E0FD-49C0-8609-73C1B4A5CCB8}"
EndProject
Project("{2150E333-8FDC-42A3-9474-1A3956D46DE8}") = "2023.05. Házif.", "2023.05. Házif.", "{0404B523-102D-4708-AB95-FBE5B8A1E949}"
EndProject
Project("{FAE04EC0-301F-11D3-BF4B-00C04F79EFBC}") = "BaratokOOP", "BaratokOOP\BaratokOOP.csproj", "{83B79963-80E5-4B24-995C-EBC78DFAA4F5}"
EndProject
Project("{2150E333-8FDC-42A3-9474-1A3956D46DE8}") = "Otthoni gyakorlas", "Otthoni gyakorlas", "{EFC1FC6C-8E04-47A3-A260-1B6AE5AABEC3}"
EndProject
Project("{FAE04EC0-301F-11D3-BF4B-00C04F79EFBC}") = "Calculator", "Calculator\Calculator.csproj", "{618A09BE-B6FB-4040-A06D-02E103489BCC}"
EndProject
Project("{2150E333-8FDC-42A3-9474-1A3956D46DE8}") = "2023.05.15.", "2023.05.15.", "{0DB0D5D6-AB66-4C37-8A33-D37E4651B5A8}"
EndProject
Project("{FAE04EC0-301F-11D3-BF4B-00C04F79EFBC}") = "BaratOOP", "BaratOOP\BaratOOP.csproj", "{480F16E3-0971-4735-ACB1-19034A25D8EB}"
EndProject
Project("{2150E333-8FDC-42A3-9474-1A3956D46DE8}") = "DolgozatNSA", "DolgozatNSA", "{A0985DB4-8B52-4B7C-BEAD-E0CDBCFE19D6}"
EndProject
Project("{FAE04EC0-301F-11D3-BF4B-00C04F79EFBC}") = "Feladat", "Feladat\Feladat.csproj", "{0647D281-A027-4E35-A40F-EBF1AF8F4A35}"
EndProject
Project("{2150E333-8FDC-42A3-9474-1A3956D46DE8}") = "2023.05.22. Dolgozat", "2023.05.22. Dolgozat", "{2C0BFDAC-432D-4AF5-937A-E1081290EAE9}"
EndProject
Project("{FAE04EC0-301F-11D3-BF4B-00C04F79EFBC}") = "dolgozatOOP", "dolgozatOOP\dolgozatOOP.csproj", "{C88B5F70-01E9-4854-BB92-6101212C47EC}"
EndProject
Project("{FAE04EC0-301F-11D3-BF4B-00C04F79EFBC}") = "1.Feladat", "1.Feladat\1.Feladat.csproj", "{78B83D52-BC1C-4EF0-98FD-25AF3CF19084}"
EndProject
Project("{FAE04EC0-301F-11D3-BF4B-00C04F79EFBC}") = "2. Feladat", "2. Feladat\2. Feladat.csproj", "{28A91D55-190D-46A6-84CC-663D023EBBA9}"
EndProject
Project("{FAE04EC0-301F-11D3-BF4B-00C04F79EFBC}") = "3. Feladat", "3. Feladat\3. Feladat.csproj", "{6B188666-6FDF-4B2D-BFCD-4E2A30CF07F8}"
EndProject
Project("{FAE04EC0-301F-11D3-BF4B-00C04F79EFBC}") = "4. Feladat", "4. Feladat\4. Feladat.csproj", "{D6D79CE3-9E66-47E3-9170-859C26281E19}"
EndProject
Project("{FAE04EC0-301F-11D3-BF4B-00C04F79EFBC}") = "5. Feladat", "5. Feladat\5. Feladat.csproj", "{37A4A25D-F812-4D0C-8994-E842DF42BDD2}"
EndProject
Project("{FAE04EC0-301F-11D3-BF4B-00C04F79EFBC}") = "6. Feladat", "6. Feladat\6. Feladat.csproj", "{6AADD655-9539-4349-B330-7EE83DAC5300}"
EndProject
Project("{FAE04EC0-301F-11D3-BF4B-00C04F79EFBC}") = "7. Feladat", "7. Feladat\7. Feladat.csproj", "{1128D19C-443B-4427-930C-3B615BA8BF28}"
EndProject
Project("{FAE04EC0-301F-11D3-BF4B-00C04F79EFBC}") = "8. Feladat", "8. Feladat\8. Feladat.csproj", "{EA50B689-16FB-4CA0-BAF5-674D598C00E1}"
EndProject
Project("{FAE04EC0-301F-11D3-BF4B-00C04F79EFBC}") = "9. Feladat", "9. Feladat\9. Feladat.csproj", "{6FAFD499-E5FF-4958-BA01-E277318943F6}"
EndProject
Project("{FAE04EC0-301F-11D3-BF4B-00C04F79EFBC}") = "10. Feladat", "10. Feladat\10. Feladat.csproj", "{95485F95-BA24-44A8-BF98-40EACE151EFE}"
EndProject
Project("{FAE04EC0-301F-11D3-BF4B-00C04F79EFBC}") = "11. Feladat", "11. Feladat\11. Feladat.csproj", "{87853464-96D1-451C-BD07-2D198DD94916}"
EndProject
Project("{FAE04EC0-301F-11D3-BF4B-00C04F79EFBC}") = "12. Feladat", "12. Feladat\12. Feladat.csproj", "{20E506EB-4E56-4AF4-8828-88B2D87456BC}"
EndProject
Project("{FAE04EC0-301F-11D3-BF4B-00C04F79EFBC}") = "szamolas", "szamolas\szamolas.csproj", "{5EE5A4AF-5EED-4E93-BFE9-850DBF852207}"
EndProject
Project("{2150E333-8FDC-42A3-9474-1A3956D46DE8}") = "2023.06.01.", "2023.06.01.", "{B3738592-90B6-429A-975C-3CEA6B2C9BB7}"
EndProject
Project("{9A19103F-16F7-4668-BE54-9A1E7A4F7556}") = "Elsoform", "Elsoform\Elsoform.csproj", "{37A3FA00-C1E5-4ABA-B637-7FFD844FC062}"
EndProject
Project("{9A19103F-16F7-4668-BE54-9A1E7A4F7556}") = "18.1Ugrik", "18.1Ugrik\18.1Ugrik.csproj", "{D15F7723-2920-49E7-AFD5-ED97D4EA4CBF}"
EndProject
Project("{2150E333-8FDC-42A3-9474-1A3956D46DE8}") = "2023.06.05.Ujraprogramozas", "2023.06.05.Ujraprogramozas", "{9733ACF2-60E3-4A71-BD96-4CB6F751C2F1}"
EndProject
Project("{FAE04EC0-301F-11D3-BF4B-00C04F79EFBC}") = "autoOOP", "autoOOP\autoOOP.csproj", "{EE1F4F23-ED12-49D5-8FA4-3E69ABB47512}"
EndProject
Project("{9A19103F-16F7-4668-BE54-9A1E7A4F7556}") = "18.4Mozog", "18.4Mozog\18.4Mozog.csproj", "{3A9C0122-0566-401E-B492-563EE4DCCFB6}"
EndProject
Project("{9A19103F-16F7-4668-BE54-9A1E7A4F7556}") = "18.7es18.8Komponens", "18.7es18.8Komponens\18.7es18.8Komponens.csproj", "{C2B6BB66-607C-4445-81E0-02234C16643A}"
EndProject
Project("{9A19103F-16F7-4668-BE54-9A1E7A4F7556}") = "18.9es18.10Halmazok", "18.9es18.10Halmazok\18.9es18.10Halmazok.csproj", "{D15D8333-0798-43E3-8B24-C0EDE6C35D88}"
EndProject
Project("{9A19103F-16F7-4668-BE54-9A1E7A4F7556}") = "18.6Kepetforgat", "18.6Kepetforgat\18.6Kepetforgat.csproj", "{917E9110-EB61-43B6-A251-8E9BCDB9ADC1}"
EndProject
Project("{9A19103F-16F7-4668-BE54-9A1E7A4F7556}") = "18.11es18.12Matrix", "18.11es18.12Matrix\18.11es18.12Matrix.csproj", "{69CB792F-1E96-4DE2-AD98-267870183FD9}"
EndProject
Project("{9A19103F-16F7-4668-BE54-9A1E7A4F7556}") = "18.13es18.14es18.15Szorzotabla", "18.13es18.14es18.15Szorzotabla\18.13es18.14es18.15Szorzotabla.csproj", "{86450795-4DF8-4313-95BC-5DE578AE1F5F}"
EndProject
Project("{9A19103F-16F7-4668-BE54-9A1E7A4F7556}") = "18.2Igazitas", "18.2Igazitas\18.2Igazitas.csproj", "{31400D99-107D-4199-A37D-D213059852C5}"
EndProject
Project("{9A19103F-16F7-4668-BE54-9A1E7A4F7556}") = "18.5es18.6ScrollBar", "18.5es18.6ScrollBar\18.5es18.6ScrollBar.csproj", "{3AC9C8A9-A757-4465-A8A0-EC54AC837C3F}"
EndProject
Project("{9A19103F-16F7-4668-BE54-9A1E7A4F7556}") = "18.3Koordinata", "18.3Koordinata\18.3Koordinata.csproj", "{15D1B712-450C-4C2A-8372-BA12CF6D33B7}"
EndProject
Project("{FAE04EC0-301F-11D3-BF4B-00C04F79EFBC}") = "ATM Console", "ATM Console\ATM Console.csproj", "{D9277B8F-9A07-4807-A4E9-33A9561FF794}"
EndProject
Project("{FAE04EC0-301F-11D3-BF4B-00C04F79EFBC}") = "Godrok", "Godrok\Godrok.csproj", "{371E1049-0DE9-450F-A57E-7E794D1645BD}"
EndProject
Project("{FAE04EC0-301F-11D3-BF4B-00C04F79EFBC}") = "2022majprog", "2022majprog\2022majprog.csproj", "{87876EA8-1FAC-4E38-97DF-EE9649AC4767}"
EndProject
Project("{9A19103F-16F7-4668-BE54-9A1E7A4F7556}") = "Playing_Sounds", "Playing_Sounds\Playing_Sounds.csproj", "{4530F2B7-48A2-4EC4-A505-DA15D5DFCD5B}"
EndProject
Project("{FAE04EC0-301F-11D3-BF4B-00C04F79EFBC}") = "jegyek", "jegyek\jegyek.csproj", "{26C63A65-2A61-43C3-9E8F-0B2F32D360E5}"
EndProject
Project("{FAE04EC0-301F-11D3-BF4B-00C04F79EFBC}") = "Haromszogoldal", "Haromszogoldal\Haromszogoldal.csproj", "{29D0E709-181B-4926-A4E4-790BB44C13D7}"
EndProject
Project("{FAE04EC0-301F-11D3-BF4B-00C04F79EFBC}") = "WEEKNUMBER", "WEEKNUMBER\WEEKNUMBER.csproj", "{DC89C4C8-EC00-45CA-980A-6951C8571B4A}"
EndProject
Project("{FAE04EC0-301F-11D3-BF4B-00C04F79EFBC}") = "ELETKOR", "ELETKOR\ELETKOR.csproj", "{AF7F3FB3-4BFE-49C6-9DC0-FDF6C61CDF60}"
EndProject
Project("{FAE04EC0-301F-11D3-BF4B-00C04F79EFBC}") = "matrixa", "matrixa\matrixa.csproj", "{2B809236-86B1-4396-BB61-82D73A78C336}"
EndProject
Project("{FAE04EC0-301F-11D3-BF4B-00C04F79EFBC}") = "TORTSZAMLALO", "TORTSZAMLALO\TORTSZAMLALO.csproj", "{9BC2BFB4-DCE4-4063-9E61-C651DA1E4B59}"
EndProject
Project("{FAE04EC0-301F-11D3-BF4B-00C04F79EFBC}") = "NEGYZETSZAMOK", "NEGYZETSZAMOK\NEGYZETSZAMOK.csproj", "{871827DB-049A-4AD3-801C-927DF32CDEA9}"
EndProject
Project("{FAE04EC0-301F-11D3-BF4B-00C04F79EFBC}") = "pszam", "pszam\pszam.csproj", "{C843A94A-EAE2-4CE3-8121-8E422810A4DD}"
EndProject
Project("{FAE04EC0-301F-11D3-BF4B-00C04F79EFBC}") = "Aertek", "Aertek\Aertek.csproj", "{38C70D68-C1E2-480A-B5CE-216D06B52332}"
EndProject
Project("{FAE04EC0-301F-11D3-BF4B-00C04F79EFBC}") = "ISMETLES", "ISMETLES\ISMETLES.csproj", "{B90D8535-7F70-4B3A-B623-B0F1A8EDF31C}"
EndProject
Project("{FAE04EC0-301F-11D3-BF4B-00C04F79EFBC}") = "BETUJIGYO", "BETUJIGYO\BETUJIGYO.csproj", "{2C406484-F35B-4061-9588-D9FE89D62FE2}"
EndProject
Project("{FAE04EC0-301F-11D3-BF4B-00C04F79EFBC}") = "Bitsorozat", "Bitsorozat\Bitsorozat.csproj", "{5EE3AA0B-F3CF-444F-9A1F-2AE512D1CCBF}"
EndProject
Project("{FAE04EC0-301F-11D3-BF4B-00C04F79EFBC}") = "Szamolasfeladat2.0", "Szamolasfeladat2.0\Szamolasfeladat2.0.csproj", "{7B6561B5-7852-41C9-A271-7DFB691A0C2B}"
EndProject
Project("{FAE04EC0-301F-11D3-BF4B-00C04F79EFBC}") = "VELETLENSZERUKIALAKITAS", "VELETLENSZERUKIALAKITAS\VELETLENSZERUKIALAKITAS.csproj", "{AA643285-7CEB-43F1-AFD9-0CE6580E3A3F}"
EndProject
Global
	GlobalSection(SolutionConfigurationPlatforms) = preSolution
		Debug|Any CPU = Debug|Any CPU
		Release|Any CPU = Release|Any CPU
	EndGlobalSection
	GlobalSection(ProjectConfigurationPlatforms) = postSolution
		{4B686BFA-9407-4493-910E-E7D81E071B15}.Debug|Any CPU.ActiveCfg = Debug|Any CPU
		{4B686BFA-9407-4493-910E-E7D81E071B15}.Debug|Any CPU.Build.0 = Debug|Any CPU
		{4B686BFA-9407-4493-910E-E7D81E071B15}.Release|Any CPU.ActiveCfg = Release|Any CPU
		{4B686BFA-9407-4493-910E-E7D81E071B15}.Release|Any CPU.Build.0 = Release|Any CPU
		{5759705D-67CB-490E-96CF-73BDC759A4D4}.Debug|Any CPU.ActiveCfg = Debug|Any CPU
		{5759705D-67CB-490E-96CF-73BDC759A4D4}.Debug|Any CPU.Build.0 = Debug|Any CPU
		{5759705D-67CB-490E-96CF-73BDC759A4D4}.Release|Any CPU.ActiveCfg = Release|Any CPU
		{5759705D-67CB-490E-96CF-73BDC759A4D4}.Release|Any CPU.Build.0 = Release|Any CPU
		{6BD18DB8-F4A1-43D5-BD2D-438E2B2DA680}.Debug|Any CPU.ActiveCfg = Debug|Any CPU
		{6BD18DB8-F4A1-43D5-BD2D-438E2B2DA680}.Debug|Any CPU.Build.0 = Debug|Any CPU
		{6BD18DB8-F4A1-43D5-BD2D-438E2B2DA680}.Release|Any CPU.ActiveCfg = Release|Any CPU
		{6BD18DB8-F4A1-43D5-BD2D-438E2B2DA680}.Release|Any CPU.Build.0 = Release|Any CPU
		{058AEA25-274F-4D02-8712-14FA9EC8CEC7}.Debug|Any CPU.ActiveCfg = Debug|Any CPU
		{058AEA25-274F-4D02-8712-14FA9EC8CEC7}.Debug|Any CPU.Build.0 = Debug|Any CPU
		{058AEA25-274F-4D02-8712-14FA9EC8CEC7}.Release|Any CPU.ActiveCfg = Release|Any CPU
		{058AEA25-274F-4D02-8712-14FA9EC8CEC7}.Release|Any CPU.Build.0 = Release|Any CPU
		{5F669902-FB90-4FB7-9FDF-E304C64569E0}.Debug|Any CPU.ActiveCfg = Debug|Any CPU
		{5F669902-FB90-4FB7-9FDF-E304C64569E0}.Debug|Any CPU.Build.0 = Debug|Any CPU
		{5F669902-FB90-4FB7-9FDF-E304C64569E0}.Release|Any CPU.ActiveCfg = Release|Any CPU
		{5F669902-FB90-4FB7-9FDF-E304C64569E0}.Release|Any CPU.Build.0 = Release|Any CPU
		{A55B3ECC-3A3D-4B1B-8C6F-A3D892DBEA95}.Debug|Any CPU.ActiveCfg = Debug|Any CPU
		{A55B3ECC-3A3D-4B1B-8C6F-A3D892DBEA95}.Debug|Any CPU.Build.0 = Debug|Any CPU
		{A55B3ECC-3A3D-4B1B-8C6F-A3D892DBEA95}.Release|Any CPU.ActiveCfg = Release|Any CPU
		{A55B3ECC-3A3D-4B1B-8C6F-A3D892DBEA95}.Release|Any CPU.Build.0 = Release|Any CPU
		{31D5CD20-422F-42CC-BAF2-B3EE655A67DB}.Debug|Any CPU.ActiveCfg = Debug|Any CPU
		{31D5CD20-422F-42CC-BAF2-B3EE655A67DB}.Debug|Any CPU.Build.0 = Debug|Any CPU
		{31D5CD20-422F-42CC-BAF2-B3EE655A67DB}.Release|Any CPU.ActiveCfg = Release|Any CPU
		{31D5CD20-422F-42CC-BAF2-B3EE655A67DB}.Release|Any CPU.Build.0 = Release|Any CPU
		{DDB245AE-4C62-48DE-BD0C-B4656A9D8C6C}.Debug|Any CPU.ActiveCfg = Debug|Any CPU
		{DDB245AE-4C62-48DE-BD0C-B4656A9D8C6C}.Debug|Any CPU.Build.0 = Debug|Any CPU
		{DDB245AE-4C62-48DE-BD0C-B4656A9D8C6C}.Release|Any CPU.ActiveCfg = Release|Any CPU
		{DDB245AE-4C62-48DE-BD0C-B4656A9D8C6C}.Release|Any CPU.Build.0 = Release|Any CPU
		{7D369D8B-1B79-4EA5-9158-B38886736F59}.Debug|Any CPU.ActiveCfg = Debug|Any CPU
		{7D369D8B-1B79-4EA5-9158-B38886736F59}.Debug|Any CPU.Build.0 = Debug|Any CPU
		{7D369D8B-1B79-4EA5-9158-B38886736F59}.Release|Any CPU.ActiveCfg = Release|Any CPU
		{7D369D8B-1B79-4EA5-9158-B38886736F59}.Release|Any CPU.Build.0 = Release|Any CPU
		{E6B1E39E-EEB6-4E84-864F-C20186F60AD5}.Debug|Any CPU.ActiveCfg = Debug|Any CPU
		{E6B1E39E-EEB6-4E84-864F-C20186F60AD5}.Debug|Any CPU.Build.0 = Debug|Any CPU
		{E6B1E39E-EEB6-4E84-864F-C20186F60AD5}.Release|Any CPU.ActiveCfg = Release|Any CPU
		{E6B1E39E-EEB6-4E84-864F-C20186F60AD5}.Release|Any CPU.Build.0 = Release|Any CPU
		{EFD55241-8319-40BA-AAC0-2364F8A7E465}.Debug|Any CPU.ActiveCfg = Debug|Any CPU
		{EFD55241-8319-40BA-AAC0-2364F8A7E465}.Debug|Any CPU.Build.0 = Debug|Any CPU
		{EFD55241-8319-40BA-AAC0-2364F8A7E465}.Release|Any CPU.ActiveCfg = Release|Any CPU
		{EFD55241-8319-40BA-AAC0-2364F8A7E465}.Release|Any CPU.Build.0 = Release|Any CPU
		{5802EA88-92F6-4ABD-8CD1-FAEAE50D367A}.Debug|Any CPU.ActiveCfg = Debug|Any CPU
		{5802EA88-92F6-4ABD-8CD1-FAEAE50D367A}.Debug|Any CPU.Build.0 = Debug|Any CPU
		{5802EA88-92F6-4ABD-8CD1-FAEAE50D367A}.Release|Any CPU.ActiveCfg = Release|Any CPU
		{5802EA88-92F6-4ABD-8CD1-FAEAE50D367A}.Release|Any CPU.Build.0 = Release|Any CPU
		{963ABF25-A7EC-40E2-9959-02D28F19FF13}.Debug|Any CPU.ActiveCfg = Debug|Any CPU
		{963ABF25-A7EC-40E2-9959-02D28F19FF13}.Debug|Any CPU.Build.0 = Debug|Any CPU
		{963ABF25-A7EC-40E2-9959-02D28F19FF13}.Release|Any CPU.ActiveCfg = Release|Any CPU
		{963ABF25-A7EC-40E2-9959-02D28F19FF13}.Release|Any CPU.Build.0 = Release|Any CPU
		{47DF3AC8-7C59-4F4D-B3BC-8FB9D25F1E73}.Debug|Any CPU.ActiveCfg = Debug|Any CPU
		{47DF3AC8-7C59-4F4D-B3BC-8FB9D25F1E73}.Debug|Any CPU.Build.0 = Debug|Any CPU
		{47DF3AC8-7C59-4F4D-B3BC-8FB9D25F1E73}.Release|Any CPU.ActiveCfg = Release|Any CPU
		{47DF3AC8-7C59-4F4D-B3BC-8FB9D25F1E73}.Release|Any CPU.Build.0 = Release|Any CPU
		{D6596D6E-F1FF-4929-9863-D75CC9F70510}.Debug|Any CPU.ActiveCfg = Debug|Any CPU
		{D6596D6E-F1FF-4929-9863-D75CC9F70510}.Debug|Any CPU.Build.0 = Debug|Any CPU
		{D6596D6E-F1FF-4929-9863-D75CC9F70510}.Release|Any CPU.ActiveCfg = Release|Any CPU
		{D6596D6E-F1FF-4929-9863-D75CC9F70510}.Release|Any CPU.Build.0 = Release|Any CPU
		{A32A7E94-B149-43BE-81F9-78460BF7F948}.Debug|Any CPU.ActiveCfg = Debug|Any CPU
		{A32A7E94-B149-43BE-81F9-78460BF7F948}.Debug|Any CPU.Build.0 = Debug|Any CPU
		{A32A7E94-B149-43BE-81F9-78460BF7F948}.Release|Any CPU.ActiveCfg = Release|Any CPU
		{A32A7E94-B149-43BE-81F9-78460BF7F948}.Release|Any CPU.Build.0 = Release|Any CPU
		{4FB978AC-3B25-4F1F-B8AF-304143BA90AE}.Debug|Any CPU.ActiveCfg = Debug|Any CPU
		{4FB978AC-3B25-4F1F-B8AF-304143BA90AE}.Debug|Any CPU.Build.0 = Debug|Any CPU
		{4FB978AC-3B25-4F1F-B8AF-304143BA90AE}.Release|Any CPU.ActiveCfg = Release|Any CPU
		{4FB978AC-3B25-4F1F-B8AF-304143BA90AE}.Release|Any CPU.Build.0 = Release|Any CPU
		{7F75D736-6051-4724-8121-FB07364C8426}.Debug|Any CPU.ActiveCfg = Debug|Any CPU
		{7F75D736-6051-4724-8121-FB07364C8426}.Debug|Any CPU.Build.0 = Debug|Any CPU
		{7F75D736-6051-4724-8121-FB07364C8426}.Release|Any CPU.ActiveCfg = Release|Any CPU
		{7F75D736-6051-4724-8121-FB07364C8426}.Release|Any CPU.Build.0 = Release|Any CPU
		{D04B48B6-B0C4-4C2F-86AE-A93C7E9180DA}.Debug|Any CPU.ActiveCfg = Debug|Any CPU
		{D04B48B6-B0C4-4C2F-86AE-A93C7E9180DA}.Debug|Any CPU.Build.0 = Debug|Any CPU
		{D04B48B6-B0C4-4C2F-86AE-A93C7E9180DA}.Release|Any CPU.ActiveCfg = Release|Any CPU
		{D04B48B6-B0C4-4C2F-86AE-A93C7E9180DA}.Release|Any CPU.Build.0 = Release|Any CPU
		{E94BE8BA-8C02-46FC-8A46-B059CA6FEB20}.Debug|Any CPU.ActiveCfg = Debug|Any CPU
		{E94BE8BA-8C02-46FC-8A46-B059CA6FEB20}.Debug|Any CPU.Build.0 = Debug|Any CPU
		{E94BE8BA-8C02-46FC-8A46-B059CA6FEB20}.Release|Any CPU.ActiveCfg = Release|Any CPU
		{E94BE8BA-8C02-46FC-8A46-B059CA6FEB20}.Release|Any CPU.Build.0 = Release|Any CPU
		{AA23EDC7-A52F-4C3B-BE4E-030AEFCEE4C2}.Debug|Any CPU.ActiveCfg = Debug|Any CPU
		{AA23EDC7-A52F-4C3B-BE4E-030AEFCEE4C2}.Debug|Any CPU.Build.0 = Debug|Any CPU
		{AA23EDC7-A52F-4C3B-BE4E-030AEFCEE4C2}.Release|Any CPU.ActiveCfg = Release|Any CPU
		{AA23EDC7-A52F-4C3B-BE4E-030AEFCEE4C2}.Release|Any CPU.Build.0 = Release|Any CPU
		{B2DCC767-B190-45A2-8D26-D31D6CAC568A}.Debug|Any CPU.ActiveCfg = Debug|Any CPU
		{B2DCC767-B190-45A2-8D26-D31D6CAC568A}.Debug|Any CPU.Build.0 = Debug|Any CPU
		{B2DCC767-B190-45A2-8D26-D31D6CAC568A}.Release|Any CPU.ActiveCfg = Release|Any CPU
		{B2DCC767-B190-45A2-8D26-D31D6CAC568A}.Release|Any CPU.Build.0 = Release|Any CPU
		{CEA4D6C3-BA6D-4A4E-B7E1-AA659E5EB24A}.Debug|Any CPU.ActiveCfg = Debug|Any CPU
		{CEA4D6C3-BA6D-4A4E-B7E1-AA659E5EB24A}.Debug|Any CPU.Build.0 = Debug|Any CPU
		{CEA4D6C3-BA6D-4A4E-B7E1-AA659E5EB24A}.Release|Any CPU.ActiveCfg = Release|Any CPU
		{CEA4D6C3-BA6D-4A4E-B7E1-AA659E5EB24A}.Release|Any CPU.Build.0 = Release|Any CPU
		{14411F79-7FAC-423E-813B-6F040402E5ED}.Debug|Any CPU.ActiveCfg = Debug|Any CPU
		{14411F79-7FAC-423E-813B-6F040402E5ED}.Debug|Any CPU.Build.0 = Debug|Any CPU
		{14411F79-7FAC-423E-813B-6F040402E5ED}.Release|Any CPU.ActiveCfg = Release|Any CPU
		{14411F79-7FAC-423E-813B-6F040402E5ED}.Release|Any CPU.Build.0 = Release|Any CPU
		{CFC3F7FA-D701-453A-85D7-4BC2DD7590F9}.Debug|Any CPU.ActiveCfg = Debug|Any CPU
		{CFC3F7FA-D701-453A-85D7-4BC2DD7590F9}.Debug|Any CPU.Build.0 = Debug|Any CPU
		{CFC3F7FA-D701-453A-85D7-4BC2DD7590F9}.Release|Any CPU.ActiveCfg = Release|Any CPU
		{CFC3F7FA-D701-453A-85D7-4BC2DD7590F9}.Release|Any CPU.Build.0 = Release|Any CPU
		{62A78AA9-4B6C-4019-B738-A1618284A67E}.Debug|Any CPU.ActiveCfg = Debug|Any CPU
		{62A78AA9-4B6C-4019-B738-A1618284A67E}.Debug|Any CPU.Build.0 = Debug|Any CPU
		{62A78AA9-4B6C-4019-B738-A1618284A67E}.Release|Any CPU.ActiveCfg = Release|Any CPU
		{62A78AA9-4B6C-4019-B738-A1618284A67E}.Release|Any CPU.Build.0 = Release|Any CPU
		{DBC25A72-9453-478B-9A0A-87352416A2D0}.Debug|Any CPU.ActiveCfg = Debug|Any CPU
		{DBC25A72-9453-478B-9A0A-87352416A2D0}.Debug|Any CPU.Build.0 = Debug|Any CPU
		{DBC25A72-9453-478B-9A0A-87352416A2D0}.Release|Any CPU.ActiveCfg = Release|Any CPU
		{DBC25A72-9453-478B-9A0A-87352416A2D0}.Release|Any CPU.Build.0 = Release|Any CPU
		{FABF9B61-3382-4C70-BAD6-C2315BD9E89B}.Debug|Any CPU.ActiveCfg = Debug|Any CPU
		{FABF9B61-3382-4C70-BAD6-C2315BD9E89B}.Debug|Any CPU.Build.0 = Debug|Any CPU
		{FABF9B61-3382-4C70-BAD6-C2315BD9E89B}.Release|Any CPU.ActiveCfg = Release|Any CPU
		{FABF9B61-3382-4C70-BAD6-C2315BD9E89B}.Release|Any CPU.Build.0 = Release|Any CPU
		{D62F0B92-D2D2-4EF1-9EBE-6DE4365CA250}.Debug|Any CPU.ActiveCfg = Debug|Any CPU
		{D62F0B92-D2D2-4EF1-9EBE-6DE4365CA250}.Debug|Any CPU.Build.0 = Debug|Any CPU
		{D62F0B92-D2D2-4EF1-9EBE-6DE4365CA250}.Release|Any CPU.ActiveCfg = Release|Any CPU
		{D62F0B92-D2D2-4EF1-9EBE-6DE4365CA250}.Release|Any CPU.Build.0 = Release|Any CPU
		{3F8A4B53-BC51-4C0E-995C-20593B24A58C}.Debug|Any CPU.ActiveCfg = Debug|Any CPU
		{3F8A4B53-BC51-4C0E-995C-20593B24A58C}.Debug|Any CPU.Build.0 = Debug|Any CPU
		{3F8A4B53-BC51-4C0E-995C-20593B24A58C}.Release|Any CPU.ActiveCfg = Release|Any CPU
		{3F8A4B53-BC51-4C0E-995C-20593B24A58C}.Release|Any CPU.Build.0 = Release|Any CPU
		{9A34EF76-0E45-4E98-B57F-98AB5B1672AC}.Debug|Any CPU.ActiveCfg = Debug|Any CPU
		{9A34EF76-0E45-4E98-B57F-98AB5B1672AC}.Debug|Any CPU.Build.0 = Debug|Any CPU
		{9A34EF76-0E45-4E98-B57F-98AB5B1672AC}.Release|Any CPU.ActiveCfg = Release|Any CPU
		{9A34EF76-0E45-4E98-B57F-98AB5B1672AC}.Release|Any CPU.Build.0 = Release|Any CPU
		{55AC24A8-CD13-4381-A7E3-FFFCF1F8F635}.Debug|Any CPU.ActiveCfg = Debug|Any CPU
		{55AC24A8-CD13-4381-A7E3-FFFCF1F8F635}.Debug|Any CPU.Build.0 = Debug|Any CPU
		{55AC24A8-CD13-4381-A7E3-FFFCF1F8F635}.Release|Any CPU.ActiveCfg = Release|Any CPU
		{55AC24A8-CD13-4381-A7E3-FFFCF1F8F635}.Release|Any CPU.Build.0 = Release|Any CPU
		{D600DD5F-30C7-44E6-B1C5-F440C6D780DF}.Debug|Any CPU.ActiveCfg = Debug|Any CPU
		{D600DD5F-30C7-44E6-B1C5-F440C6D780DF}.Debug|Any CPU.Build.0 = Debug|Any CPU
		{D600DD5F-30C7-44E6-B1C5-F440C6D780DF}.Release|Any CPU.ActiveCfg = Release|Any CPU
		{D600DD5F-30C7-44E6-B1C5-F440C6D780DF}.Release|Any CPU.Build.0 = Release|Any CPU
		{311CB017-DF04-41D9-9C0A-E5A7C8C09FF4}.Debug|Any CPU.ActiveCfg = Debug|Any CPU
		{311CB017-DF04-41D9-9C0A-E5A7C8C09FF4}.Debug|Any CPU.Build.0 = Debug|Any CPU
		{311CB017-DF04-41D9-9C0A-E5A7C8C09FF4}.Release|Any CPU.ActiveCfg = Release|Any CPU
		{311CB017-DF04-41D9-9C0A-E5A7C8C09FF4}.Release|Any CPU.Build.0 = Release|Any CPU
		{F65E8018-7F85-4B44-8878-538E2F0373E9}.Debug|Any CPU.ActiveCfg = Debug|Any CPU
		{F65E8018-7F85-4B44-8878-538E2F0373E9}.Debug|Any CPU.Build.0 = Debug|Any CPU
		{F65E8018-7F85-4B44-8878-538E2F0373E9}.Release|Any CPU.ActiveCfg = Release|Any CPU
		{F65E8018-7F85-4B44-8878-538E2F0373E9}.Release|Any CPU.Build.0 = Release|Any CPU
		{E4447A3B-46BC-429A-A61C-77CE9342D16E}.Debug|Any CPU.ActiveCfg = Debug|Any CPU
		{E4447A3B-46BC-429A-A61C-77CE9342D16E}.Debug|Any CPU.Build.0 = Debug|Any CPU
		{E4447A3B-46BC-429A-A61C-77CE9342D16E}.Release|Any CPU.ActiveCfg = Release|Any CPU
		{E4447A3B-46BC-429A-A61C-77CE9342D16E}.Release|Any CPU.Build.0 = Release|Any CPU
		{0134A4A5-C6F7-496E-A99C-BDD1A8AAA77C}.Debug|Any CPU.ActiveCfg = Debug|Any CPU
		{0134A4A5-C6F7-496E-A99C-BDD1A8AAA77C}.Debug|Any CPU.Build.0 = Debug|Any CPU
		{0134A4A5-C6F7-496E-A99C-BDD1A8AAA77C}.Release|Any CPU.ActiveCfg = Release|Any CPU
		{0134A4A5-C6F7-496E-A99C-BDD1A8AAA77C}.Release|Any CPU.Build.0 = Release|Any CPU
		{16F67EB0-D685-41F2-8B09-C3442C1C4881}.Debug|Any CPU.ActiveCfg = Debug|Any CPU
		{16F67EB0-D685-41F2-8B09-C3442C1C4881}.Debug|Any CPU.Build.0 = Debug|Any CPU
		{16F67EB0-D685-41F2-8B09-C3442C1C4881}.Release|Any CPU.ActiveCfg = Release|Any CPU
		{16F67EB0-D685-41F2-8B09-C3442C1C4881}.Release|Any CPU.Build.0 = Release|Any CPU
		{2B8CA73E-E0FD-49C0-8609-73C1B4A5CCB8}.Debug|Any CPU.ActiveCfg = Debug|Any CPU
		{2B8CA73E-E0FD-49C0-8609-73C1B4A5CCB8}.Debug|Any CPU.Build.0 = Debug|Any CPU
		{2B8CA73E-E0FD-49C0-8609-73C1B4A5CCB8}.Release|Any CPU.ActiveCfg = Release|Any CPU
		{2B8CA73E-E0FD-49C0-8609-73C1B4A5CCB8}.Release|Any CPU.Build.0 = Release|Any CPU
		{83B79963-80E5-4B24-995C-EBC78DFAA4F5}.Debug|Any CPU.ActiveCfg = Debug|Any CPU
		{83B79963-80E5-4B24-995C-EBC78DFAA4F5}.Debug|Any CPU.Build.0 = Debug|Any CPU
		{83B79963-80E5-4B24-995C-EBC78DFAA4F5}.Release|Any CPU.ActiveCfg = Release|Any CPU
		{83B79963-80E5-4B24-995C-EBC78DFAA4F5}.Release|Any CPU.Build.0 = Release|Any CPU
		{618A09BE-B6FB-4040-A06D-02E103489BCC}.Debug|Any CPU.ActiveCfg = Debug|Any CPU
		{618A09BE-B6FB-4040-A06D-02E103489BCC}.Debug|Any CPU.Build.0 = Debug|Any CPU
		{618A09BE-B6FB-4040-A06D-02E103489BCC}.Release|Any CPU.ActiveCfg = Release|Any CPU
		{618A09BE-B6FB-4040-A06D-02E103489BCC}.Release|Any CPU.Build.0 = Release|Any CPU
		{480F16E3-0971-4735-ACB1-19034A25D8EB}.Debug|Any CPU.ActiveCfg = Debug|Any CPU
		{480F16E3-0971-4735-ACB1-19034A25D8EB}.Debug|Any CPU.Build.0 = Debug|Any CPU
		{480F16E3-0971-4735-ACB1-19034A25D8EB}.Release|Any CPU.ActiveCfg = Release|Any CPU
		{480F16E3-0971-4735-ACB1-19034A25D8EB}.Release|Any CPU.Build.0 = Release|Any CPU
		{0647D281-A027-4E35-A40F-EBF1AF8F4A35}.Debug|Any CPU.ActiveCfg = Debug|Any CPU
		{0647D281-A027-4E35-A40F-EBF1AF8F4A35}.Debug|Any CPU.Build.0 = Debug|Any CPU
		{0647D281-A027-4E35-A40F-EBF1AF8F4A35}.Release|Any CPU.ActiveCfg = Release|Any CPU
		{0647D281-A027-4E35-A40F-EBF1AF8F4A35}.Release|Any CPU.Build.0 = Release|Any CPU
		{C88B5F70-01E9-4854-BB92-6101212C47EC}.Debug|Any CPU.ActiveCfg = Debug|Any CPU
		{C88B5F70-01E9-4854-BB92-6101212C47EC}.Debug|Any CPU.Build.0 = Debug|Any CPU
		{C88B5F70-01E9-4854-BB92-6101212C47EC}.Release|Any CPU.ActiveCfg = Release|Any CPU
		{C88B5F70-01E9-4854-BB92-6101212C47EC}.Release|Any CPU.Build.0 = Release|Any CPU
		{78B83D52-BC1C-4EF0-98FD-25AF3CF19084}.Debug|Any CPU.ActiveCfg = Debug|Any CPU
		{78B83D52-BC1C-4EF0-98FD-25AF3CF19084}.Debug|Any CPU.Build.0 = Debug|Any CPU
		{78B83D52-BC1C-4EF0-98FD-25AF3CF19084}.Release|Any CPU.ActiveCfg = Release|Any CPU
		{78B83D52-BC1C-4EF0-98FD-25AF3CF19084}.Release|Any CPU.Build.0 = Release|Any CPU
		{28A91D55-190D-46A6-84CC-663D023EBBA9}.Debug|Any CPU.ActiveCfg = Debug|Any CPU
		{28A91D55-190D-46A6-84CC-663D023EBBA9}.Debug|Any CPU.Build.0 = Debug|Any CPU
		{28A91D55-190D-46A6-84CC-663D023EBBA9}.Release|Any CPU.ActiveCfg = Release|Any CPU
		{28A91D55-190D-46A6-84CC-663D023EBBA9}.Release|Any CPU.Build.0 = Release|Any CPU
		{6B188666-6FDF-4B2D-BFCD-4E2A30CF07F8}.Debug|Any CPU.ActiveCfg = Debug|Any CPU
		{6B188666-6FDF-4B2D-BFCD-4E2A30CF07F8}.Debug|Any CPU.Build.0 = Debug|Any CPU
		{6B188666-6FDF-4B2D-BFCD-4E2A30CF07F8}.Release|Any CPU.ActiveCfg = Release|Any CPU
		{6B188666-6FDF-4B2D-BFCD-4E2A30CF07F8}.Release|Any CPU.Build.0 = Release|Any CPU
		{D6D79CE3-9E66-47E3-9170-859C26281E19}.Debug|Any CPU.ActiveCfg = Debug|Any CPU
		{D6D79CE3-9E66-47E3-9170-859C26281E19}.Debug|Any CPU.Build.0 = Debug|Any CPU
		{D6D79CE3-9E66-47E3-9170-859C26281E19}.Release|Any CPU.ActiveCfg = Release|Any CPU
		{D6D79CE3-9E66-47E3-9170-859C26281E19}.Release|Any CPU.Build.0 = Release|Any CPU
		{37A4A25D-F812-4D0C-8994-E842DF42BDD2}.Debug|Any CPU.ActiveCfg = Debug|Any CPU
		{37A4A25D-F812-4D0C-8994-E842DF42BDD2}.Debug|Any CPU.Build.0 = Debug|Any CPU
		{37A4A25D-F812-4D0C-8994-E842DF42BDD2}.Release|Any CPU.ActiveCfg = Release|Any CPU
		{37A4A25D-F812-4D0C-8994-E842DF42BDD2}.Release|Any CPU.Build.0 = Release|Any CPU
		{6AADD655-9539-4349-B330-7EE83DAC5300}.Debug|Any CPU.ActiveCfg = Debug|Any CPU
		{6AADD655-9539-4349-B330-7EE83DAC5300}.Debug|Any CPU.Build.0 = Debug|Any CPU
		{6AADD655-9539-4349-B330-7EE83DAC5300}.Release|Any CPU.ActiveCfg = Release|Any CPU
		{6AADD655-9539-4349-B330-7EE83DAC5300}.Release|Any CPU.Build.0 = Release|Any CPU
		{1128D19C-443B-4427-930C-3B615BA8BF28}.Debug|Any CPU.ActiveCfg = Debug|Any CPU
		{1128D19C-443B-4427-930C-3B615BA8BF28}.Debug|Any CPU.Build.0 = Debug|Any CPU
		{1128D19C-443B-4427-930C-3B615BA8BF28}.Release|Any CPU.ActiveCfg = Release|Any CPU
		{1128D19C-443B-4427-930C-3B615BA8BF28}.Release|Any CPU.Build.0 = Release|Any CPU
		{EA50B689-16FB-4CA0-BAF5-674D598C00E1}.Debug|Any CPU.ActiveCfg = Debug|Any CPU
		{EA50B689-16FB-4CA0-BAF5-674D598C00E1}.Debug|Any CPU.Build.0 = Debug|Any CPU
		{EA50B689-16FB-4CA0-BAF5-674D598C00E1}.Release|Any CPU.ActiveCfg = Release|Any CPU
		{EA50B689-16FB-4CA0-BAF5-674D598C00E1}.Release|Any CPU.Build.0 = Release|Any CPU
		{6FAFD499-E5FF-4958-BA01-E277318943F6}.Debug|Any CPU.ActiveCfg = Debug|Any CPU
		{6FAFD499-E5FF-4958-BA01-E277318943F6}.Debug|Any CPU.Build.0 = Debug|Any CPU
		{6FAFD499-E5FF-4958-BA01-E277318943F6}.Release|Any CPU.ActiveCfg = Release|Any CPU
		{6FAFD499-E5FF-4958-BA01-E277318943F6}.Release|Any CPU.Build.0 = Release|Any CPU
		{95485F95-BA24-44A8-BF98-40EACE151EFE}.Debug|Any CPU.ActiveCfg = Debug|Any CPU
		{95485F95-BA24-44A8-BF98-40EACE151EFE}.Debug|Any CPU.Build.0 = Debug|Any CPU
		{95485F95-BA24-44A8-BF98-40EACE151EFE}.Release|Any CPU.ActiveCfg = Release|Any CPU
		{95485F95-BA24-44A8-BF98-40EACE151EFE}.Release|Any CPU.Build.0 = Release|Any CPU
		{87853464-96D1-451C-BD07-2D198DD94916}.Debug|Any CPU.ActiveCfg = Debug|Any CPU
		{87853464-96D1-451C-BD07-2D198DD94916}.Debug|Any CPU.Build.0 = Debug|Any CPU
		{87853464-96D1-451C-BD07-2D198DD94916}.Release|Any CPU.ActiveCfg = Release|Any CPU
		{87853464-96D1-451C-BD07-2D198DD94916}.Release|Any CPU.Build.0 = Release|Any CPU
		{20E506EB-4E56-4AF4-8828-88B2D87456BC}.Debug|Any CPU.ActiveCfg = Debug|Any CPU
		{20E506EB-4E56-4AF4-8828-88B2D87456BC}.Debug|Any CPU.Build.0 = Debug|Any CPU
		{20E506EB-4E56-4AF4-8828-88B2D87456BC}.Release|Any CPU.ActiveCfg = Release|Any CPU
		{20E506EB-4E56-4AF4-8828-88B2D87456BC}.Release|Any CPU.Build.0 = Release|Any CPU
		{5EE5A4AF-5EED-4E93-BFE9-850DBF852207}.Debug|Any CPU.ActiveCfg = Debug|Any CPU
		{5EE5A4AF-5EED-4E93-BFE9-850DBF852207}.Debug|Any CPU.Build.0 = Debug|Any CPU
		{5EE5A4AF-5EED-4E93-BFE9-850DBF852207}.Release|Any CPU.ActiveCfg = Release|Any CPU
		{5EE5A4AF-5EED-4E93-BFE9-850DBF852207}.Release|Any CPU.Build.0 = Release|Any CPU
		{37A3FA00-C1E5-4ABA-B637-7FFD844FC062}.Debug|Any CPU.ActiveCfg = Debug|Any CPU
		{37A3FA00-C1E5-4ABA-B637-7FFD844FC062}.Debug|Any CPU.Build.0 = Debug|Any CPU
		{37A3FA00-C1E5-4ABA-B637-7FFD844FC062}.Release|Any CPU.ActiveCfg = Release|Any CPU
		{37A3FA00-C1E5-4ABA-B637-7FFD844FC062}.Release|Any CPU.Build.0 = Release|Any CPU
		{D15F7723-2920-49E7-AFD5-ED97D4EA4CBF}.Debug|Any CPU.ActiveCfg = Debug|Any CPU
		{D15F7723-2920-49E7-AFD5-ED97D4EA4CBF}.Debug|Any CPU.Build.0 = Debug|Any CPU
		{D15F7723-2920-49E7-AFD5-ED97D4EA4CBF}.Release|Any CPU.ActiveCfg = Release|Any CPU
		{D15F7723-2920-49E7-AFD5-ED97D4EA4CBF}.Release|Any CPU.Build.0 = Release|Any CPU
		{EE1F4F23-ED12-49D5-8FA4-3E69ABB47512}.Debug|Any CPU.ActiveCfg = Debug|Any CPU
		{EE1F4F23-ED12-49D5-8FA4-3E69ABB47512}.Debug|Any CPU.Build.0 = Debug|Any CPU
		{EE1F4F23-ED12-49D5-8FA4-3E69ABB47512}.Release|Any CPU.ActiveCfg = Release|Any CPU
		{EE1F4F23-ED12-49D5-8FA4-3E69ABB47512}.Release|Any CPU.Build.0 = Release|Any CPU
		{3A9C0122-0566-401E-B492-563EE4DCCFB6}.Debug|Any CPU.ActiveCfg = Debug|Any CPU
		{3A9C0122-0566-401E-B492-563EE4DCCFB6}.Debug|Any CPU.Build.0 = Debug|Any CPU
		{3A9C0122-0566-401E-B492-563EE4DCCFB6}.Release|Any CPU.ActiveCfg = Release|Any CPU
		{3A9C0122-0566-401E-B492-563EE4DCCFB6}.Release|Any CPU.Build.0 = Release|Any CPU
		{C2B6BB66-607C-4445-81E0-02234C16643A}.Debug|Any CPU.ActiveCfg = Debug|Any CPU
		{C2B6BB66-607C-4445-81E0-02234C16643A}.Debug|Any CPU.Build.0 = Debug|Any CPU
		{C2B6BB66-607C-4445-81E0-02234C16643A}.Release|Any CPU.ActiveCfg = Release|Any CPU
		{C2B6BB66-607C-4445-81E0-02234C16643A}.Release|Any CPU.Build.0 = Release|Any CPU
		{D15D8333-0798-43E3-8B24-C0EDE6C35D88}.Debug|Any CPU.ActiveCfg = Debug|Any CPU
		{D15D8333-0798-43E3-8B24-C0EDE6C35D88}.Debug|Any CPU.Build.0 = Debug|Any CPU
		{D15D8333-0798-43E3-8B24-C0EDE6C35D88}.Release|Any CPU.ActiveCfg = Release|Any CPU
		{D15D8333-0798-43E3-8B24-C0EDE6C35D88}.Release|Any CPU.Build.0 = Release|Any CPU
		{917E9110-EB61-43B6-A251-8E9BCDB9ADC1}.Debug|Any CPU.ActiveCfg = Debug|Any CPU
		{917E9110-EB61-43B6-A251-8E9BCDB9ADC1}.Debug|Any CPU.Build.0 = Debug|Any CPU
		{917E9110-EB61-43B6-A251-8E9BCDB9ADC1}.Release|Any CPU.ActiveCfg = Release|Any CPU
		{917E9110-EB61-43B6-A251-8E9BCDB9ADC1}.Release|Any CPU.Build.0 = Release|Any CPU
		{69CB792F-1E96-4DE2-AD98-267870183FD9}.Debug|Any CPU.ActiveCfg = Debug|Any CPU
		{69CB792F-1E96-4DE2-AD98-267870183FD9}.Debug|Any CPU.Build.0 = Debug|Any CPU
		{69CB792F-1E96-4DE2-AD98-267870183FD9}.Release|Any CPU.ActiveCfg = Release|Any CPU
		{69CB792F-1E96-4DE2-AD98-267870183FD9}.Release|Any CPU.Build.0 = Release|Any CPU
		{86450795-4DF8-4313-95BC-5DE578AE1F5F}.Debug|Any CPU.ActiveCfg = Debug|Any CPU
		{86450795-4DF8-4313-95BC-5DE578AE1F5F}.Debug|Any CPU.Build.0 = Debug|Any CPU
		{86450795-4DF8-4313-95BC-5DE578AE1F5F}.Release|Any CPU.ActiveCfg = Release|Any CPU
		{86450795-4DF8-4313-95BC-5DE578AE1F5F}.Release|Any CPU.Build.0 = Release|Any CPU
		{31400D99-107D-4199-A37D-D213059852C5}.Debug|Any CPU.ActiveCfg = Debug|Any CPU
		{31400D99-107D-4199-A37D-D213059852C5}.Debug|Any CPU.Build.0 = Debug|Any CPU
		{31400D99-107D-4199-A37D-D213059852C5}.Release|Any CPU.ActiveCfg = Release|Any CPU
		{31400D99-107D-4199-A37D-D213059852C5}.Release|Any CPU.Build.0 = Release|Any CPU
		{3AC9C8A9-A757-4465-A8A0-EC54AC837C3F}.Debug|Any CPU.ActiveCfg = Debug|Any CPU
		{3AC9C8A9-A757-4465-A8A0-EC54AC837C3F}.Debug|Any CPU.Build.0 = Debug|Any CPU
		{3AC9C8A9-A757-4465-A8A0-EC54AC837C3F}.Release|Any CPU.ActiveCfg = Release|Any CPU
		{3AC9C8A9-A757-4465-A8A0-EC54AC837C3F}.Release|Any CPU.Build.0 = Release|Any CPU
		{15D1B712-450C-4C2A-8372-BA12CF6D33B7}.Debug|Any CPU.ActiveCfg = Debug|Any CPU
		{15D1B712-450C-4C2A-8372-BA12CF6D33B7}.Debug|Any CPU.Build.0 = Debug|Any CPU
		{15D1B712-450C-4C2A-8372-BA12CF6D33B7}.Release|Any CPU.ActiveCfg = Release|Any CPU
		{15D1B712-450C-4C2A-8372-BA12CF6D33B7}.Release|Any CPU.Build.0 = Release|Any CPU
		{D9277B8F-9A07-4807-A4E9-33A9561FF794}.Debug|Any CPU.ActiveCfg = Debug|Any CPU
		{D9277B8F-9A07-4807-A4E9-33A9561FF794}.Debug|Any CPU.Build.0 = Debug|Any CPU
		{D9277B8F-9A07-4807-A4E9-33A9561FF794}.Release|Any CPU.ActiveCfg = Release|Any CPU
		{D9277B8F-9A07-4807-A4E9-33A9561FF794}.Release|Any CPU.Build.0 = Release|Any CPU
		{371E1049-0DE9-450F-A57E-7E794D1645BD}.Debug|Any CPU.ActiveCfg = Debug|Any CPU
		{371E1049-0DE9-450F-A57E-7E794D1645BD}.Debug|Any CPU.Build.0 = Debug|Any CPU
		{371E1049-0DE9-450F-A57E-7E794D1645BD}.Release|Any CPU.ActiveCfg = Release|Any CPU
		{371E1049-0DE9-450F-A57E-7E794D1645BD}.Release|Any CPU.Build.0 = Release|Any CPU
		{87876EA8-1FAC-4E38-97DF-EE9649AC4767}.Debug|Any CPU.ActiveCfg = Debug|Any CPU
		{87876EA8-1FAC-4E38-97DF-EE9649AC4767}.Debug|Any CPU.Build.0 = Debug|Any CPU
		{87876EA8-1FAC-4E38-97DF-EE9649AC4767}.Release|Any CPU.ActiveCfg = Release|Any CPU
		{87876EA8-1FAC-4E38-97DF-EE9649AC4767}.Release|Any CPU.Build.0 = Release|Any CPU
		{4530F2B7-48A2-4EC4-A505-DA15D5DFCD5B}.Debug|Any CPU.ActiveCfg = Debug|Any CPU
		{4530F2B7-48A2-4EC4-A505-DA15D5DFCD5B}.Debug|Any CPU.Build.0 = Debug|Any CPU
		{4530F2B7-48A2-4EC4-A505-DA15D5DFCD5B}.Release|Any CPU.ActiveCfg = Release|Any CPU
		{4530F2B7-48A2-4EC4-A505-DA15D5DFCD5B}.Release|Any CPU.Build.0 = Release|Any CPU
		{26C63A65-2A61-43C3-9E8F-0B2F32D360E5}.Debug|Any CPU.ActiveCfg = Debug|Any CPU
		{26C63A65-2A61-43C3-9E8F-0B2F32D360E5}.Debug|Any CPU.Build.0 = Debug|Any CPU
		{26C63A65-2A61-43C3-9E8F-0B2F32D360E5}.Release|Any CPU.ActiveCfg = Release|Any CPU
		{26C63A65-2A61-43C3-9E8F-0B2F32D360E5}.Release|Any CPU.Build.0 = Release|Any CPU
		{29D0E709-181B-4926-A4E4-790BB44C13D7}.Debug|Any CPU.ActiveCfg = Debug|Any CPU
		{29D0E709-181B-4926-A4E4-790BB44C13D7}.Debug|Any CPU.Build.0 = Debug|Any CPU
		{29D0E709-181B-4926-A4E4-790BB44C13D7}.Release|Any CPU.ActiveCfg = Release|Any CPU
		{29D0E709-181B-4926-A4E4-790BB44C13D7}.Release|Any CPU.Build.0 = Release|Any CPU
		{DC89C4C8-EC00-45CA-980A-6951C8571B4A}.Debug|Any CPU.ActiveCfg = Debug|Any CPU
		{DC89C4C8-EC00-45CA-980A-6951C8571B4A}.Debug|Any CPU.Build.0 = Debug|Any CPU
		{DC89C4C8-EC00-45CA-980A-6951C8571B4A}.Release|Any CPU.ActiveCfg = Release|Any CPU
		{DC89C4C8-EC00-45CA-980A-6951C8571B4A}.Release|Any CPU.Build.0 = Release|Any CPU
		{AF7F3FB3-4BFE-49C6-9DC0-FDF6C61CDF60}.Debug|Any CPU.ActiveCfg = Debug|Any CPU
		{AF7F3FB3-4BFE-49C6-9DC0-FDF6C61CDF60}.Debug|Any CPU.Build.0 = Debug|Any CPU
		{AF7F3FB3-4BFE-49C6-9DC0-FDF6C61CDF60}.Release|Any CPU.ActiveCfg = Release|Any CPU
		{AF7F3FB3-4BFE-49C6-9DC0-FDF6C61CDF60}.Release|Any CPU.Build.0 = Release|Any CPU
		{2B809236-86B1-4396-BB61-82D73A78C336}.Debug|Any CPU.ActiveCfg = Debug|Any CPU
		{2B809236-86B1-4396-BB61-82D73A78C336}.Debug|Any CPU.Build.0 = Debug|Any CPU
		{2B809236-86B1-4396-BB61-82D73A78C336}.Release|Any CPU.ActiveCfg = Release|Any CPU
		{2B809236-86B1-4396-BB61-82D73A78C336}.Release|Any CPU.Build.0 = Release|Any CPU
		{9BC2BFB4-DCE4-4063-9E61-C651DA1E4B59}.Debug|Any CPU.ActiveCfg = Debug|Any CPU
		{9BC2BFB4-DCE4-4063-9E61-C651DA1E4B59}.Debug|Any CPU.Build.0 = Debug|Any CPU
		{9BC2BFB4-DCE4-4063-9E61-C651DA1E4B59}.Release|Any CPU.ActiveCfg = Release|Any CPU
		{9BC2BFB4-DCE4-4063-9E61-C651DA1E4B59}.Release|Any CPU.Build.0 = Release|Any CPU
		{871827DB-049A-4AD3-801C-927DF32CDEA9}.Debug|Any CPU.ActiveCfg = Debug|Any CPU
		{871827DB-049A-4AD3-801C-927DF32CDEA9}.Debug|Any CPU.Build.0 = Debug|Any CPU
		{871827DB-049A-4AD3-801C-927DF32CDEA9}.Release|Any CPU.ActiveCfg = Release|Any CPU
		{871827DB-049A-4AD3-801C-927DF32CDEA9}.Release|Any CPU.Build.0 = Release|Any CPU
		{C843A94A-EAE2-4CE3-8121-8E422810A4DD}.Debug|Any CPU.ActiveCfg = Debug|Any CPU
		{C843A94A-EAE2-4CE3-8121-8E422810A4DD}.Debug|Any CPU.Build.0 = Debug|Any CPU
		{C843A94A-EAE2-4CE3-8121-8E422810A4DD}.Release|Any CPU.ActiveCfg = Release|Any CPU
		{C843A94A-EAE2-4CE3-8121-8E422810A4DD}.Release|Any CPU.Build.0 = Release|Any CPU
		{38C70D68-C1E2-480A-B5CE-216D06B52332}.Debug|Any CPU.ActiveCfg = Debug|Any CPU
		{38C70D68-C1E2-480A-B5CE-216D06B52332}.Debug|Any CPU.Build.0 = Debug|Any CPU
		{38C70D68-C1E2-480A-B5CE-216D06B52332}.Release|Any CPU.ActiveCfg = Release|Any CPU
		{38C70D68-C1E2-480A-B5CE-216D06B52332}.Release|Any CPU.Build.0 = Release|Any CPU
		{B90D8535-7F70-4B3A-B623-B0F1A8EDF31C}.Debug|Any CPU.ActiveCfg = Debug|Any CPU
		{B90D8535-7F70-4B3A-B623-B0F1A8EDF31C}.Debug|Any CPU.Build.0 = Debug|Any CPU
		{B90D8535-7F70-4B3A-B623-B0F1A8EDF31C}.Release|Any CPU.ActiveCfg = Release|Any CPU
		{B90D8535-7F70-4B3A-B623-B0F1A8EDF31C}.Release|Any CPU.Build.0 = Release|Any CPU
		{2C406484-F35B-4061-9588-D9FE89D62FE2}.Debug|Any CPU.ActiveCfg = Debug|Any CPU
		{2C406484-F35B-4061-9588-D9FE89D62FE2}.Debug|Any CPU.Build.0 = Debug|Any CPU
		{2C406484-F35B-4061-9588-D9FE89D62FE2}.Release|Any CPU.ActiveCfg = Release|Any CPU
		{2C406484-F35B-4061-9588-D9FE89D62FE2}.Release|Any CPU.Build.0 = Release|Any CPU
		{5EE3AA0B-F3CF-444F-9A1F-2AE512D1CCBF}.Debug|Any CPU.ActiveCfg = Debug|Any CPU
		{5EE3AA0B-F3CF-444F-9A1F-2AE512D1CCBF}.Debug|Any CPU.Build.0 = Debug|Any CPU
		{5EE3AA0B-F3CF-444F-9A1F-2AE512D1CCBF}.Release|Any CPU.ActiveCfg = Release|Any CPU
		{5EE3AA0B-F3CF-444F-9A1F-2AE512D1CCBF}.Release|Any CPU.Build.0 = Release|Any CPU
		{7B6561B5-7852-41C9-A271-7DFB691A0C2B}.Debug|Any CPU.ActiveCfg = Debug|Any CPU
		{7B6561B5-7852-41C9-A271-7DFB691A0C2B}.Debug|Any CPU.Build.0 = Debug|Any CPU
		{7B6561B5-7852-41C9-A271-7DFB691A0C2B}.Release|Any CPU.ActiveCfg = Release|Any CPU
		{7B6561B5-7852-41C9-A271-7DFB691A0C2B}.Release|Any CPU.Build.0 = Release|Any CPU
		{AA643285-7CEB-43F1-AFD9-0CE6580E3A3F}.Debug|Any CPU.ActiveCfg = Debug|Any CPU
		{AA643285-7CEB-43F1-AFD9-0CE6580E3A3F}.Debug|Any CPU.Build.0 = Debug|Any CPU
		{AA643285-7CEB-43F1-AFD9-0CE6580E3A3F}.Release|Any CPU.ActiveCfg = Release|Any CPU
		{AA643285-7CEB-43F1-AFD9-0CE6580E3A3F}.Release|Any CPU.Build.0 = Release|Any CPU
	EndGlobalSection
	GlobalSection(SolutionProperties) = preSolution
		HideSolutionNode = FALSE
	EndGlobalSection
	GlobalSection(NestedProjects) = preSolution
		{31D5CD20-422F-42CC-BAF2-B3EE655A67DB} = {9E2D1E99-7196-44C8-B6DA-83E24158FEAE}
		{DDB245AE-4C62-48DE-BD0C-B4656A9D8C6C} = {9E2D1E99-7196-44C8-B6DA-83E24158FEAE}
		{7D369D8B-1B79-4EA5-9158-B38886736F59} = {1689A234-B39F-44A6-A5A8-0D4E14B09431}
		{E6B1E39E-EEB6-4E84-864F-C20186F60AD5} = {45329F70-E5F1-4A4D-AD28-631AB97FE2AA}
		{EFD55241-8319-40BA-AAC0-2364F8A7E465} = {96700C81-788E-47DF-8BDD-CA7DE9355050}
		{5802EA88-92F6-4ABD-8CD1-FAEAE50D367A} = {2A5C50DB-66D0-407D-86E1-0D8C199373D2}
		{963ABF25-A7EC-40E2-9959-02D28F19FF13} = {67933C23-E66B-41D5-BC96-C5431174946D}
		{47DF3AC8-7C59-4F4D-B3BC-8FB9D25F1E73} = {67933C23-E66B-41D5-BC96-C5431174946D}
		{D6596D6E-F1FF-4929-9863-D75CC9F70510} = {67933C23-E66B-41D5-BC96-C5431174946D}
		{A32A7E94-B149-43BE-81F9-78460BF7F948} = {67933C23-E66B-41D5-BC96-C5431174946D}
		{4FB978AC-3B25-4F1F-B8AF-304143BA90AE} = {67933C23-E66B-41D5-BC96-C5431174946D}
		{7F75D736-6051-4724-8121-FB07364C8426} = {67933C23-E66B-41D5-BC96-C5431174946D}
		{D04B48B6-B0C4-4C2F-86AE-A93C7E9180DA} = {67933C23-E66B-41D5-BC96-C5431174946D}
		{E94BE8BA-8C02-46FC-8A46-B059CA6FEB20} = {67933C23-E66B-41D5-BC96-C5431174946D}
		{AA23EDC7-A52F-4C3B-BE4E-030AEFCEE4C2} = {67933C23-E66B-41D5-BC96-C5431174946D}
		{B2DCC767-B190-45A2-8D26-D31D6CAC568A} = {67933C23-E66B-41D5-BC96-C5431174946D}
		{CEA4D6C3-BA6D-4A4E-B7E1-AA659E5EB24A} = {67933C23-E66B-41D5-BC96-C5431174946D}
		{14411F79-7FAC-423E-813B-6F040402E5ED} = {67933C23-E66B-41D5-BC96-C5431174946D}
		{CFC3F7FA-D701-453A-85D7-4BC2DD7590F9} = {2EC7EE4C-EDDD-4E34-B616-4F0EC275B973}
		{62A78AA9-4B6C-4019-B738-A1618284A67E} = {2EC7EE4C-EDDD-4E34-B616-4F0EC275B973}
		{DBC25A72-9453-478B-9A0A-87352416A2D0} = {2EC7EE4C-EDDD-4E34-B616-4F0EC275B973}
		{FABF9B61-3382-4C70-BAD6-C2315BD9E89B} = {2EC7EE4C-EDDD-4E34-B616-4F0EC275B973}
		{D62F0B92-D2D2-4EF1-9EBE-6DE4365CA250} = {2EC7EE4C-EDDD-4E34-B616-4F0EC275B973}
		{3F8A4B53-BC51-4C0E-995C-20593B24A58C} = {2EC7EE4C-EDDD-4E34-B616-4F0EC275B973}
		{9A34EF76-0E45-4E98-B57F-98AB5B1672AC} = {2EC7EE4C-EDDD-4E34-B616-4F0EC275B973}
		{55AC24A8-CD13-4381-A7E3-FFFCF1F8F635} = {E0977B41-E7BC-4CDA-B186-41B67667F82C}
		{D600DD5F-30C7-44E6-B1C5-F440C6D780DF} = {E0977B41-E7BC-4CDA-B186-41B67667F82C}
		{311CB017-DF04-41D9-9C0A-E5A7C8C09FF4} = {BAA4506D-BBFD-4BBC-8F23-3484FE5EA9DA}
		{F65E8018-7F85-4B44-8878-538E2F0373E9} = {76359F62-DA0B-448A-BEEE-449AE7A86AB1}
		{E4447A3B-46BC-429A-A61C-77CE9342D16E} = {8369A365-8191-46E7-9C45-DFC39095C70D}
		{0134A4A5-C6F7-496E-A99C-BDD1A8AAA77C} = {8369A365-8191-46E7-9C45-DFC39095C70D}
		{16F67EB0-D685-41F2-8B09-C3442C1C4881} = {8369A365-8191-46E7-9C45-DFC39095C70D}
		{2B8CA73E-E0FD-49C0-8609-73C1B4A5CCB8} = {8369A365-8191-46E7-9C45-DFC39095C70D}
		{83B79963-80E5-4B24-995C-EBC78DFAA4F5} = {0404B523-102D-4708-AB95-FBE5B8A1E949}
		{618A09BE-B6FB-4040-A06D-02E103489BCC} = {EFC1FC6C-8E04-47A3-A260-1B6AE5AABEC3}
		{480F16E3-0971-4735-ACB1-19034A25D8EB} = {0DB0D5D6-AB66-4C37-8A33-D37E4651B5A8}
		{0647D281-A027-4E35-A40F-EBF1AF8F4A35} = {A0985DB4-8B52-4B7C-BEAD-E0CDBCFE19D6}
		{C88B5F70-01E9-4854-BB92-6101212C47EC} = {2C0BFDAC-432D-4AF5-937A-E1081290EAE9}
		{78B83D52-BC1C-4EF0-98FD-25AF3CF19084} = {EFC1FC6C-8E04-47A3-A260-1B6AE5AABEC3}
		{28A91D55-190D-46A6-84CC-663D023EBBA9} = {EFC1FC6C-8E04-47A3-A260-1B6AE5AABEC3}
		{6B188666-6FDF-4B2D-BFCD-4E2A30CF07F8} = {EFC1FC6C-8E04-47A3-A260-1B6AE5AABEC3}
		{D6D79CE3-9E66-47E3-9170-859C26281E19} = {EFC1FC6C-8E04-47A3-A260-1B6AE5AABEC3}
		{37A4A25D-F812-4D0C-8994-E842DF42BDD2} = {EFC1FC6C-8E04-47A3-A260-1B6AE5AABEC3}
		{6AADD655-9539-4349-B330-7EE83DAC5300} = {EFC1FC6C-8E04-47A3-A260-1B6AE5AABEC3}
		{1128D19C-443B-4427-930C-3B615BA8BF28} = {EFC1FC6C-8E04-47A3-A260-1B6AE5AABEC3}
		{EA50B689-16FB-4CA0-BAF5-674D598C00E1} = {EFC1FC6C-8E04-47A3-A260-1B6AE5AABEC3}
		{6FAFD499-E5FF-4958-BA01-E277318943F6} = {EFC1FC6C-8E04-47A3-A260-1B6AE5AABEC3}
		{95485F95-BA24-44A8-BF98-40EACE151EFE} = {EFC1FC6C-8E04-47A3-A260-1B6AE5AABEC3}
		{87853464-96D1-451C-BD07-2D198DD94916} = {EFC1FC6C-8E04-47A3-A260-1B6AE5AABEC3}
		{20E506EB-4E56-4AF4-8828-88B2D87456BC} = {EFC1FC6C-8E04-47A3-A260-1B6AE5AABEC3}
		{5EE5A4AF-5EED-4E93-BFE9-850DBF852207} = {EFC1FC6C-8E04-47A3-A260-1B6AE5AABEC3}
		{37A3FA00-C1E5-4ABA-B637-7FFD844FC062} = {B3738592-90B6-429A-975C-3CEA6B2C9BB7}
		{D15F7723-2920-49E7-AFD5-ED97D4EA4CBF} = {B3738592-90B6-429A-975C-3CEA6B2C9BB7}
		{EE1F4F23-ED12-49D5-8FA4-3E69ABB47512} = {9733ACF2-60E3-4A71-BD96-4CB6F751C2F1}
		{3A9C0122-0566-401E-B492-563EE4DCCFB6} = {B3738592-90B6-429A-975C-3CEA6B2C9BB7}
		{C2B6BB66-607C-4445-81E0-02234C16643A} = {B3738592-90B6-429A-975C-3CEA6B2C9BB7}
		{D15D8333-0798-43E3-8B24-C0EDE6C35D88} = {B3738592-90B6-429A-975C-3CEA6B2C9BB7}
		{917E9110-EB61-43B6-A251-8E9BCDB9ADC1} = {B3738592-90B6-429A-975C-3CEA6B2C9BB7}
		{69CB792F-1E96-4DE2-AD98-267870183FD9} = {B3738592-90B6-429A-975C-3CEA6B2C9BB7}
		{86450795-4DF8-4313-95BC-5DE578AE1F5F} = {B3738592-90B6-429A-975C-3CEA6B2C9BB7}
		{31400D99-107D-4199-A37D-D213059852C5} = {B3738592-90B6-429A-975C-3CEA6B2C9BB7}
		{3AC9C8A9-A757-4465-A8A0-EC54AC837C3F} = {B3738592-90B6-429A-975C-3CEA6B2C9BB7}
		{15D1B712-450C-4C2A-8372-BA12CF6D33B7} = {B3738592-90B6-429A-975C-3CEA6B2C9BB7}
		{D9277B8F-9A07-4807-A4E9-33A9561FF794} = {EFC1FC6C-8E04-47A3-A260-1B6AE5AABEC3}
		{371E1049-0DE9-450F-A57E-7E794D1645BD} = {EFC1FC6C-8E04-47A3-A260-1B6AE5AABEC3}
		{87876EA8-1FAC-4E38-97DF-EE9649AC4767} = {EFC1FC6C-8E04-47A3-A260-1B6AE5AABEC3}
		{4530F2B7-48A2-4EC4-A505-DA15D5DFCD5B} = {EFC1FC6C-8E04-47A3-A260-1B6AE5AABEC3}
		{26C63A65-2A61-43C3-9E8F-0B2F32D360E5} = {EFC1FC6C-8E04-47A3-A260-1B6AE5AABEC3}
		{29D0E709-181B-4926-A4E4-790BB44C13D7} = {EFC1FC6C-8E04-47A3-A260-1B6AE5AABEC3}
		{DC89C4C8-EC00-45CA-980A-6951C8571B4A} = {EFC1FC6C-8E04-47A3-A260-1B6AE5AABEC3}
		{AF7F3FB3-4BFE-49C6-9DC0-FDF6C61CDF60} = {EFC1FC6C-8E04-47A3-A260-1B6AE5AABEC3}
		{2B809236-86B1-4396-BB61-82D73A78C336} = {EFC1FC6C-8E04-47A3-A260-1B6AE5AABEC3}
		{9BC2BFB4-DCE4-4063-9E61-C651DA1E4B59} = {EFC1FC6C-8E04-47A3-A260-1B6AE5AABEC3}
		{871827DB-049A-4AD3-801C-927DF32CDEA9} = {EFC1FC6C-8E04-47A3-A260-1B6AE5AABEC3}
		{C843A94A-EAE2-4CE3-8121-8E422810A4DD} = {EFC1FC6C-8E04-47A3-A260-1B6AE5AABEC3}
		{38C70D68-C1E2-480A-B5CE-216D06B52332} = {EFC1FC6C-8E04-47A3-A260-1B6AE5AABEC3}
		{B90D8535-7F70-4B3A-B623-B0F1A8EDF31C} = {EFC1FC6C-8E04-47A3-A260-1B6AE5AABEC3}
		{2C406484-F35B-4061-9588-D9FE89D62FE2} = {EFC1FC6C-8E04-47A3-A260-1B6AE5AABEC3}
		{5EE3AA0B-F3CF-444F-9A1F-2AE512D1CCBF} = {EFC1FC6C-8E04-47A3-A260-1B6AE5AABEC3}
		{7B6561B5-7852-41C9-A271-7DFB691A0C2B} = {EFC1FC6C-8E04-47A3-A260-1B6AE5AABEC3}
		{AA643285-7CEB-43F1-AFD9-0CE6580E3A3F} = {EFC1FC6C-8E04-47A3-A260-1B6AE5AABEC3}
	EndGlobalSection
	GlobalSection(ExtensibilityGlobals) = postSolution
		SolutionGuid = {80D99356-6591-4DBE-ACF4-9FABF1277413}
	EndGlobalSection
EndGlobal
