
Microsoft Visual Studio Solution File, Format Version 12.00
# Visual Studio Version 17
VisualStudioVersion = 17.4.33213.308
MinimumVisualStudioVersion = 10.0.40219.1
Project("{FAE04EC0-301F-11D3-BF4B-00C04F79EFBC}") = "Teszt", "Teszt\Teszt.csproj", "{4B686BFA-9407-4493-910E-E7D81E071B15}"
EndProject
Project("{FAE04EC0-301F-11D3-BF4B-00C04F79EFBC}") = "Osztály", "Osztály\Osztály.csproj", "{5759705D-67CB-490E-96CF-73BDC759A4D4}"
EndProject
Project("{FAE04EC0-301F-11D3-BF4B-00C04F79EFBC}") = "negyszog", "negyszog\negyszog.csproj", "{6BD18DB8-F4A1-43D5-BD2D-438E2B2DA680}"
EndProject
Project("{FAE04EC0-301F-11D3-BF4B-00C04F79EFBC}") = "polimorf", "polimorf\polimorf.csproj", "{058AEA25-274F-4D02-8712-14FA9EC8CEC7}"
EndProject
Project("{FAE04EC0-301F-11D3-BF4B-00C04F79EFBC}") = "kor", "kor\kor.csproj", "{5F669902-FB90-4FB7-9FDF-E304C64569E0}"
EndProject
Project("{FAE04EC0-301F-11D3-BF4B-00C04F79EFBC}") = "haromszog", "haromszog\haromszog.csproj", "{A55B3ECC-3A3D-4B1B-8C6F-A3D892DBEA95}"
EndProject
Project("{2150E333-8FDC-42A3-9474-1A3956D46DE8}") = "2023.03.06.", "2023.03.06.", "{9E2D1E99-7196-44C8-B6DA-83E24158FEAE}"
EndProject
Project("{FAE04EC0-301F-11D3-BF4B-00C04F79EFBC}") = "szigetekobj", "szigetekobj\szigetekobj.csproj", "{31D5CD20-422F-42CC-BAF2-B3EE655A67DB}"
EndProject
Project("{FAE04EC0-301F-11D3-BF4B-00C04F79EFBC}") = "atlaghomerseklet", "atlaghomerseklet\atlaghomerseklet.csproj", "{DDB245AE-4C62-48DE-BD0C-B4656A9D8C6C}"
EndProject
Project("{2150E333-8FDC-42A3-9474-1A3956D46DE8}") = "2023.03.09.", "2023.03.09.", "{1689A234-B39F-44A6-A5A8-0D4E14B09431}"
EndProject
Project("{FAE04EC0-301F-11D3-BF4B-00C04F79EFBC}") = "hofokOOP", "hofokOOP\hofokOOP.csproj", "{7D369D8B-1B79-4EA5-9158-B38886736F59}"
EndProject
Project("{2150E333-8FDC-42A3-9474-1A3956D46DE8}") = "2023.03.13.", "2023.03.13.", "{45329F70-E5F1-4A4D-AD28-631AB97FE2AA}"
EndProject
Project("{FAE04EC0-301F-11D3-BF4B-00C04F79EFBC}") = "TTomegOOP", "TTomegOOP\TTomegOOP.csproj", "{E6B1E39E-EEB6-4E84-864F-C20186F60AD5}"
EndProject
Project("{2150E333-8FDC-42A3-9474-1A3956D46DE8}") = "2023.03 ponthatar", "2023.03 ponthatar", "{96700C81-788E-47DF-8BDD-CA7DE9355050}"
EndProject
Project("{FAE04EC0-301F-11D3-BF4B-00C04F79EFBC}") = "PonthatOOP", "PonthatOOP\PonthatOOP.csproj", "{EFD55241-8319-40BA-AAC0-2364F8A7E465}"
EndProject
Project("{2150E333-8FDC-42A3-9474-1A3956D46DE8}") = "2023.03.20.", "2023.03.20.", "{2A5C50DB-66D0-407D-86E1-0D8C199373D2}"
EndProject
Project("{FAE04EC0-301F-11D3-BF4B-00C04F79EFBC}") = "CimleteresOOP", "CimleteresOOP\CimleteresOOP.csproj", "{5802EA88-92F6-4ABD-8CD1-FAEAE50D367A}"
EndProject
Project("{2150E333-8FDC-42A3-9474-1A3956D46DE8}") = "2023.03.23.", "2023.03.23.", "{67933C23-E66B-41D5-BC96-C5431174946D}"
EndProject
Project("{FAE04EC0-301F-11D3-BF4B-00C04F79EFBC}") = "csomagoloceg", "csomagoloceg\csomagoloceg.csproj", "{963ABF25-A7EC-40E2-9959-02D28F19FF13}"
EndProject
Project("{FAE04EC0-301F-11D3-BF4B-00C04F79EFBC}") = "csempezesOOP", "csempezesOOP\csempezesOOP.csproj", "{47DF3AC8-7C59-4F4D-B3BC-8FB9D25F1E73}"
EndProject
Project("{FAE04EC0-301F-11D3-BF4B-00C04F79EFBC}") = "percekesorakOOP", "percekesorakOOP\percekesorakOOP.csproj", "{D6596D6E-F1FF-4929-9863-D75CC9F70510}"
EndProject
Project("{FAE04EC0-301F-11D3-BF4B-00C04F79EFBC}") = "masodfokuegyenletOOP", "masodfokuegyenletOOP\masodfokuegyenletOOP.csproj", "{A32A7E94-B149-43BE-81F9-78460BF7F948}"
EndProject
Project("{FAE04EC0-301F-11D3-BF4B-00C04F79EFBC}") = "szamokbekereseOOP", "szamokbekereseOOP\szamokbekereseOOP.csproj", "{4FB978AC-3B25-4F1F-B8AF-304143BA90AE}"
EndProject
Global
	GlobalSection(SolutionConfigurationPlatforms) = preSolution
		Debug|Any CPU = Debug|Any CPU
		Release|Any CPU = Release|Any CPU
	EndGlobalSection
	GlobalSection(ProjectConfigurationPlatforms) = postSolution
		{4B686BFA-9407-4493-910E-E7D81E071B15}.Debug|Any CPU.ActiveCfg = Debug|Any CPU
		{4B686BFA-9407-4493-910E-E7D81E071B15}.Debug|Any CPU.Build.0 = Debug|Any CPU
		{4B686BFA-9407-4493-910E-E7D81E071B15}.Release|Any CPU.ActiveCfg = Release|Any CPU
		{4B686BFA-9407-4493-910E-E7D81E071B15}.Release|Any CPU.Build.0 = Release|Any CPU
		{5759705D-67CB-490E-96CF-73BDC759A4D4}.Debug|Any CPU.ActiveCfg = Debug|Any CPU
		{5759705D-67CB-490E-96CF-73BDC759A4D4}.Debug|Any CPU.Build.0 = Debug|Any CPU
		{5759705D-67CB-490E-96CF-73BDC759A4D4}.Release|Any CPU.ActiveCfg = Release|Any CPU
		{5759705D-67CB-490E-96CF-73BDC759A4D4}.Release|Any CPU.Build.0 = Release|Any CPU
		{6BD18DB8-F4A1-43D5-BD2D-438E2B2DA680}.Debug|Any CPU.ActiveCfg = Debug|Any CPU
		{6BD18DB8-F4A1-43D5-BD2D-438E2B2DA680}.Debug|Any CPU.Build.0 = Debug|Any CPU
		{6BD18DB8-F4A1-43D5-BD2D-438E2B2DA680}.Release|Any CPU.ActiveCfg = Release|Any CPU
		{6BD18DB8-F4A1-43D5-BD2D-438E2B2DA680}.Release|Any CPU.Build.0 = Release|Any CPU
		{058AEA25-274F-4D02-8712-14FA9EC8CEC7}.Debug|Any CPU.ActiveCfg = Debug|Any CPU
		{058AEA25-274F-4D02-8712-14FA9EC8CEC7}.Debug|Any CPU.Build.0 = Debug|Any CPU
		{058AEA25-274F-4D02-8712-14FA9EC8CEC7}.Release|Any CPU.ActiveCfg = Release|Any CPU
		{058AEA25-274F-4D02-8712-14FA9EC8CEC7}.Release|Any CPU.Build.0 = Release|Any CPU
		{5F669902-FB90-4FB7-9FDF-E304C64569E0}.Debug|Any CPU.ActiveCfg = Debug|Any CPU
		{5F669902-FB90-4FB7-9FDF-E304C64569E0}.Debug|Any CPU.Build.0 = Debug|Any CPU
		{5F669902-FB90-4FB7-9FDF-E304C64569E0}.Release|Any CPU.ActiveCfg = Release|Any CPU
		{5F669902-FB90-4FB7-9FDF-E304C64569E0}.Release|Any CPU.Build.0 = Release|Any CPU
		{A55B3ECC-3A3D-4B1B-8C6F-A3D892DBEA95}.Debug|Any CPU.ActiveCfg = Debug|Any CPU
		{A55B3ECC-3A3D-4B1B-8C6F-A3D892DBEA95}.Debug|Any CPU.Build.0 = Debug|Any CPU
		{A55B3ECC-3A3D-4B1B-8C6F-A3D892DBEA95}.Release|Any CPU.ActiveCfg = Release|Any CPU
		{A55B3ECC-3A3D-4B1B-8C6F-A3D892DBEA95}.Release|Any CPU.Build.0 = Release|Any CPU
		{31D5CD20-422F-42CC-BAF2-B3EE655A67DB}.Debug|Any CPU.ActiveCfg = Debug|Any CPU
		{31D5CD20-422F-42CC-BAF2-B3EE655A67DB}.Debug|Any CPU.Build.0 = Debug|Any CPU
		{31D5CD20-422F-42CC-BAF2-B3EE655A67DB}.Release|Any CPU.ActiveCfg = Release|Any CPU
		{31D5CD20-422F-42CC-BAF2-B3EE655A67DB}.Release|Any CPU.Build.0 = Release|Any CPU
		{DDB245AE-4C62-48DE-BD0C-B4656A9D8C6C}.Debug|Any CPU.ActiveCfg = Debug|Any CPU
		{DDB245AE-4C62-48DE-BD0C-B4656A9D8C6C}.Debug|Any CPU.Build.0 = Debug|Any CPU
		{DDB245AE-4C62-48DE-BD0C-B4656A9D8C6C}.Release|Any CPU.ActiveCfg = Release|Any CPU
		{DDB245AE-4C62-48DE-BD0C-B4656A9D8C6C}.Release|Any CPU.Build.0 = Release|Any CPU
		{7D369D8B-1B79-4EA5-9158-B38886736F59}.Debug|Any CPU.ActiveCfg = Debug|Any CPU
		{7D369D8B-1B79-4EA5-9158-B38886736F59}.Debug|Any CPU.Build.0 = Debug|Any CPU
		{7D369D8B-1B79-4EA5-9158-B38886736F59}.Release|Any CPU.ActiveCfg = Release|Any CPU
		{7D369D8B-1B79-4EA5-9158-B38886736F59}.Release|Any CPU.Build.0 = Release|Any CPU
		{E6B1E39E-EEB6-4E84-864F-C20186F60AD5}.Debug|Any CPU.ActiveCfg = Debug|Any CPU
		{E6B1E39E-EEB6-4E84-864F-C20186F60AD5}.Debug|Any CPU.Build.0 = Debug|Any CPU
		{E6B1E39E-EEB6-4E84-864F-C20186F60AD5}.Release|Any CPU.ActiveCfg = Release|Any CPU
		{E6B1E39E-EEB6-4E84-864F-C20186F60AD5}.Release|Any CPU.Build.0 = Release|Any CPU
		{EFD55241-8319-40BA-AAC0-2364F8A7E465}.Debug|Any CPU.ActiveCfg = Debug|Any CPU
		{EFD55241-8319-40BA-AAC0-2364F8A7E465}.Debug|Any CPU.Build.0 = Debug|Any CPU
		{EFD55241-8319-40BA-AAC0-2364F8A7E465}.Release|Any CPU.ActiveCfg = Release|Any CPU
		{EFD55241-8319-40BA-AAC0-2364F8A7E465}.Release|Any CPU.Build.0 = Release|Any CPU
		{5802EA88-92F6-4ABD-8CD1-FAEAE50D367A}.Debug|Any CPU.ActiveCfg = Debug|Any CPU
		{5802EA88-92F6-4ABD-8CD1-FAEAE50D367A}.Debug|Any CPU.Build.0 = Debug|Any CPU
		{5802EA88-92F6-4ABD-8CD1-FAEAE50D367A}.Release|Any CPU.ActiveCfg = Release|Any CPU
		{5802EA88-92F6-4ABD-8CD1-FAEAE50D367A}.Release|Any CPU.Build.0 = Release|Any CPU
		{963ABF25-A7EC-40E2-9959-02D28F19FF13}.Debug|Any CPU.ActiveCfg = Debug|Any CPU
		{963ABF25-A7EC-40E2-9959-02D28F19FF13}.Debug|Any CPU.Build.0 = Debug|Any CPU
		{963ABF25-A7EC-40E2-9959-02D28F19FF13}.Release|Any CPU.ActiveCfg = Release|Any CPU
		{963ABF25-A7EC-40E2-9959-02D28F19FF13}.Release|Any CPU.Build.0 = Release|Any CPU
		{47DF3AC8-7C59-4F4D-B3BC-8FB9D25F1E73}.Debug|Any CPU.ActiveCfg = Debug|Any CPU
		{47DF3AC8-7C59-4F4D-B3BC-8FB9D25F1E73}.Debug|Any CPU.Build.0 = Debug|Any CPU
		{47DF3AC8-7C59-4F4D-B3BC-8FB9D25F1E73}.Release|Any CPU.ActiveCfg = Release|Any CPU
		{47DF3AC8-7C59-4F4D-B3BC-8FB9D25F1E73}.Release|Any CPU.Build.0 = Release|Any CPU
		{D6596D6E-F1FF-4929-9863-D75CC9F70510}.Debug|Any CPU.ActiveCfg = Debug|Any CPU
		{D6596D6E-F1FF-4929-9863-D75CC9F70510}.Debug|Any CPU.Build.0 = Debug|Any CPU
		{D6596D6E-F1FF-4929-9863-D75CC9F70510}.Release|Any CPU.ActiveCfg = Release|Any CPU
		{D6596D6E-F1FF-4929-9863-D75CC9F70510}.Release|Any CPU.Build.0 = Release|Any CPU
		{A32A7E94-B149-43BE-81F9-78460BF7F948}.Debug|Any CPU.ActiveCfg = Debug|Any CPU
		{A32A7E94-B149-43BE-81F9-78460BF7F948}.Debug|Any CPU.Build.0 = Debug|Any CPU
		{A32A7E94-B149-43BE-81F9-78460BF7F948}.Release|Any CPU.ActiveCfg = Release|Any CPU
		{A32A7E94-B149-43BE-81F9-78460BF7F948}.Release|Any CPU.Build.0 = Release|Any CPU
		{4FB978AC-3B25-4F1F-B8AF-304143BA90AE}.Debug|Any CPU.ActiveCfg = Debug|Any CPU
		{4FB978AC-3B25-4F1F-B8AF-304143BA90AE}.Debug|Any CPU.Build.0 = Debug|Any CPU
		{4FB978AC-3B25-4F1F-B8AF-304143BA90AE}.Release|Any CPU.ActiveCfg = Release|Any CPU
		{4FB978AC-3B25-4F1F-B8AF-304143BA90AE}.Release|Any CPU.Build.0 = Release|Any CPU
	EndGlobalSection
	GlobalSection(SolutionProperties) = preSolution
		HideSolutionNode = FALSE
	EndGlobalSection
	GlobalSection(NestedProjects) = preSolution
		{31D5CD20-422F-42CC-BAF2-B3EE655A67DB} = {9E2D1E99-7196-44C8-B6DA-83E24158FEAE}
		{DDB245AE-4C62-48DE-BD0C-B4656A9D8C6C} = {9E2D1E99-7196-44C8-B6DA-83E24158FEAE}
		{7D369D8B-1B79-4EA5-9158-B38886736F59} = {1689A234-B39F-44A6-A5A8-0D4E14B09431}
		{E6B1E39E-EEB6-4E84-864F-C20186F60AD5} = {45329F70-E5F1-4A4D-AD28-631AB97FE2AA}
		{EFD55241-8319-40BA-AAC0-2364F8A7E465} = {96700C81-788E-47DF-8BDD-CA7DE9355050}
		{5802EA88-92F6-4ABD-8CD1-FAEAE50D367A} = {2A5C50DB-66D0-407D-86E1-0D8C199373D2}
		{963ABF25-A7EC-40E2-9959-02D28F19FF13} = {67933C23-E66B-41D5-BC96-C5431174946D}
		{47DF3AC8-7C59-4F4D-B3BC-8FB9D25F1E73} = {67933C23-E66B-41D5-BC96-C5431174946D}
		{D6596D6E-F1FF-4929-9863-D75CC9F70510} = {67933C23-E66B-41D5-BC96-C5431174946D}
		{A32A7E94-B149-43BE-81F9-78460BF7F948} = {67933C23-E66B-41D5-BC96-C5431174946D}
		{4FB978AC-3B25-4F1F-B8AF-304143BA90AE} = {67933C23-E66B-41D5-BC96-C5431174946D}
	EndGlobalSection
	GlobalSection(ExtensibilityGlobals) = postSolution
		SolutionGuid = {80D99356-6591-4DBE-ACF4-9FABF1277413}
	EndGlobalSection
EndGlobal
